
Microsoft Visual Studio Solution File, Format Version 12.00
# Visual Studio 14
VisualStudioVersion = 14.0.25123.0
MinimumVisualStudioVersion = 10.0.40219.1
Project("{FAE04EC0-301F-11D3-BF4B-00C04F79EFBC}") = "MessageGenerator", "MessageGenerator\MessageGenerator.csproj", "{7E4070BC-413F-4FD8-A33A-1EFBBDA562DC}"
EndProject
Project("{2150E333-8FDC-42A3-9474-1A3956D46DE8}") = "Resources", "Resources", "{6C4B1E00-7A18-40A8-9DA7-0B9E38C75131}"
EndProject
Project("{FAE04EC0-301F-11D3-BF4B-00C04F79EFBC}") = "Esb.Core", "..\..\Shared\Esb.Core\Esb.Core.csproj", "{DC4FB0E2-4C09-4CB9-A58D-D603FDA50750}"
EndProject
Project("{FAE04EC0-301F-11D3-BF4B-00C04F79EFBC}") = "Icon.Framework", "..\..\Shared\Icon.Framework\Icon.Framework.csproj", "{272A6B53-57A0-4895-9CA6-E41C2D4EC061}"
EndProject
Project("{FAE04EC0-301F-11D3-BF4B-00C04F79EFBC}") = "Icon.Esb.Schemas.Wfm", "..\..\ESB\Schemas\Icon.Esb.Schemas.Wfm\Icon.Esb.Schemas.Wfm.csproj", "{A6AE6B2D-D838-4188-817F-4C48090A4465}"
EndProject
Global
	GlobalSection(SolutionConfigurationPlatforms) = preSolution
		Debug|Any CPU = Debug|Any CPU
		QA|Any CPU = QA|Any CPU
		Release|Any CPU = Release|Any CPU
		Test|Any CPU = Test|Any CPU
	EndGlobalSection
	GlobalSection(ProjectConfigurationPlatforms) = postSolution
		{7E4070BC-413F-4FD8-A33A-1EFBBDA562DC}.Debug|Any CPU.ActiveCfg = Debug|Any CPU
		{7E4070BC-413F-4FD8-A33A-1EFBBDA562DC}.Debug|Any CPU.Build.0 = Debug|Any CPU
		{7E4070BC-413F-4FD8-A33A-1EFBBDA562DC}.QA|Any CPU.ActiveCfg = Release|Any CPU
		{7E4070BC-413F-4FD8-A33A-1EFBBDA562DC}.QA|Any CPU.Build.0 = Release|Any CPU
		{7E4070BC-413F-4FD8-A33A-1EFBBDA562DC}.Release|Any CPU.ActiveCfg = Release|Any CPU
		{7E4070BC-413F-4FD8-A33A-1EFBBDA562DC}.Release|Any CPU.Build.0 = Release|Any CPU
		{7E4070BC-413F-4FD8-A33A-1EFBBDA562DC}.Test|Any CPU.ActiveCfg = Release|Any CPU
		{7E4070BC-413F-4FD8-A33A-1EFBBDA562DC}.Test|Any CPU.Build.0 = Release|Any CPU
		{DC4FB0E2-4C09-4CB9-A58D-D603FDA50750}.Debug|Any CPU.ActiveCfg = Debug|Any CPU
		{DC4FB0E2-4C09-4CB9-A58D-D603FDA50750}.Debug|Any CPU.Build.0 = Debug|Any CPU
		{DC4FB0E2-4C09-4CB9-A58D-D603FDA50750}.QA|Any CPU.ActiveCfg = Release|Any CPU
		{DC4FB0E2-4C09-4CB9-A58D-D603FDA50750}.QA|Any CPU.Build.0 = Release|Any CPU
		{DC4FB0E2-4C09-4CB9-A58D-D603FDA50750}.Release|Any CPU.ActiveCfg = Release|Any CPU
		{DC4FB0E2-4C09-4CB9-A58D-D603FDA50750}.Release|Any CPU.Build.0 = Release|Any CPU
		{DC4FB0E2-4C09-4CB9-A58D-D603FDA50750}.Test|Any CPU.ActiveCfg = Release|Any CPU
		{DC4FB0E2-4C09-4CB9-A58D-D603FDA50750}.Test|Any CPU.Build.0 = Release|Any CPU
		{272A6B53-57A0-4895-9CA6-E41C2D4EC061}.Debug|Any CPU.ActiveCfg = Debug|Any CPU
		{272A6B53-57A0-4895-9CA6-E41C2D4EC061}.Debug|Any CPU.Build.0 = Debug|Any CPU
		{272A6B53-57A0-4895-9CA6-E41C2D4EC061}.QA|Any CPU.ActiveCfg = QA|Any CPU
		{272A6B53-57A0-4895-9CA6-E41C2D4EC061}.QA|Any CPU.Build.0 = QA|Any CPU
		{272A6B53-57A0-4895-9CA6-E41C2D4EC061}.Release|Any CPU.ActiveCfg = Release|Any CPU
		{272A6B53-57A0-4895-9CA6-E41C2D4EC061}.Release|Any CPU.Build.0 = Release|Any CPU
		{272A6B53-57A0-4895-9CA6-E41C2D4EC061}.Test|Any CPU.ActiveCfg = Test|Any CPU
		{272A6B53-57A0-4895-9CA6-E41C2D4EC061}.Test|Any CPU.Build.0 = Test|Any CPU
		{A6AE6B2D-D838-4188-817F-4C48090A4465}.Debug|Any CPU.ActiveCfg = Debug|Any CPU
		{A6AE6B2D-D838-4188-817F-4C48090A4465}.Debug|Any CPU.Build.0 = Debug|Any CPU
		{A6AE6B2D-D838-4188-817F-4C48090A4465}.QA|Any CPU.ActiveCfg = QA|Any CPU
		{A6AE6B2D-D838-4188-817F-4C48090A4465}.QA|Any CPU.Build.0 = QA|Any CPU
		{A6AE6B2D-D838-4188-817F-4C48090A4465}.Release|Any CPU.ActiveCfg = Release|Any CPU
		{A6AE6B2D-D838-4188-817F-4C48090A4465}.Release|Any CPU.Build.0 = Release|Any CPU
		{A6AE6B2D-D838-4188-817F-4C48090A4465}.Test|Any CPU.ActiveCfg = Test|Any CPU
		{A6AE6B2D-D838-4188-817F-4C48090A4465}.Test|Any CPU.Build.0 = Test|Any CPU
	EndGlobalSection
	GlobalSection(SolutionProperties) = preSolution
		HideSolutionNode = FALSE
	EndGlobalSection
	GlobalSection(NestedProjects) = preSolution
		{DC4FB0E2-4C09-4CB9-A58D-D603FDA50750} = {6C4B1E00-7A18-40A8-9DA7-0B9E38C75131}
		{272A6B53-57A0-4895-9CA6-E41C2D4EC061} = {6C4B1E00-7A18-40A8-9DA7-0B9E38C75131}
		{A6AE6B2D-D838-4188-817F-4C48090A4465} = {6C4B1E00-7A18-40A8-9DA7-0B9E38C75131}
	EndGlobalSection
	GlobalSection(TeamFoundationVersionControl) = preSolution
		SccNumberOfProjects = 5
		SccEnterpriseProvider = {4CA58AB2-18FA-4F8D-95D4-32DDF27D184C}
		SccTeamFoundationServer = https://irma.visualstudio.com/defaultcollection
		SccLocalPath0 = .
		SccProjectUniqueName1 = MessageGenerator\\MessageGenerator.csproj
		SccProjectName1 = MessageGenerator
		SccLocalPath1 = MessageGenerator
		SccProjectUniqueName2 = ..\\..\\Shared\\Esb.Core\\Esb.Core.csproj
		SccProjectTopLevelParentUniqueName2 = MessageGenerator.sln
		SccProjectName2 = ../../Shared/Esb.Core
		SccLocalPath2 = ..\\..\\Shared\\Esb.Core
		SccProjectUniqueName3 = ..\\..\\Shared\\Icon.Framework\\Icon.Framework.csproj
		SccProjectTopLevelParentUniqueName3 = MessageGenerator.sln
		SccProjectName3 = ../../Shared/Icon.Framework
		SccLocalPath3 = ..\\..\\Shared\\Icon.Framework
		SccProjectUniqueName4 = ..\\..\\ESB\\Schemas\\Icon.Esb.Schemas.Wfm\\Icon.Esb.Schemas.Wfm.csproj
		SccProjectTopLevelParentUniqueName4 = MessageGenerator.sln
		SccProjectName4 = ../../ESB/Schemas/Icon.Esb.Schemas.Wfm
		SccLocalPath4 = ..\\..\\ESB\\Schemas\\Icon.Esb.Schemas.Wfm
	EndGlobalSection
EndGlobal
