
Microsoft Visual Studio Solution File, Format Version 12.00
# Visual Studio Version 16
VisualStudioVersion = 16.0.29009.5
MinimumVisualStudioVersion = 10.0.40219.1
Project("{159641D6-6404-4A2A-AE62-294DE0FE8301}") = "SyncMammoth-AuthIIKAndIDI", "SyncMammoth-AuthIIKAndIDI\SyncMammoth-AuthIIKAndIDI.dtproj", "{CEBBB739-449B-4C1F-938F-169B3C2A54FD}"
EndProject
Global
	GlobalSection(SolutionConfigurationPlatforms) = preSolution
		Development|Default = Development|Default
	EndGlobalSection
	GlobalSection(ProjectConfigurationPlatforms) = postSolution
		{CEBBB739-449B-4C1F-938F-169B3C2A54FD}.Development|Default.ActiveCfg = Development
		{CEBBB739-449B-4C1F-938F-169B3C2A54FD}.Development|Default.Build.0 = Development
	EndGlobalSection
	GlobalSection(SolutionProperties) = preSolution
		HideSolutionNode = FALSE
	EndGlobalSection
	GlobalSection(ExtensibilityGlobals) = postSolution
		SolutionGuid = {976BD591-7460-43E4-AB56-AE1DFCBA7E68}
	EndGlobalSection
EndGlobal
