
Microsoft Visual Studio Solution File, Format Version 11.00
# Visual Studio 2010
Project("{FAE04EC0-301F-11D3-BF4B-00C04F79EFBC}") = "IRMALib", "IRMALib\IRMALib.csproj", "{B9F0506E-DE3A-4CE5-A45D-E79988F01CB6}"
EndProject
Project("{2150E333-8FDC-42A3-9474-1A3956D46DE8}") = "Solution Items", "Solution Items", "{A0B1EEF8-5A1B-4D9B-AED0-A48E98E2D9A6}"
	ProjectSection(SolutionItems) = preProject
		IRMALib.vsmdi = IRMALib.vsmdi
		Local.testsettings = Local.testsettings
		TraceAndTestImpact.testsettings = TraceAndTestImpact.testsettings
	EndProjectSection
EndProject
Project("{FAE04EC0-301F-11D3-BF4B-00C04F79EFBC}") = "IRMALibTest", "IRMALibTest\IRMALibTest.csproj", "{02731A51-0E17-4A1C-AE59-4B328AF60895}"
EndProject
Global
	GlobalSection(TeamFoundationVersionControl) = preSolution
		SccNumberOfProjects = 3
		SccEnterpriseProvider = {4CA58AB2-18FA-4F8D-95D4-32DDF27D184C}
		SccTeamFoundationServer = http://cewp1605:8080/tfs/defaultcollection
		SccLocalPath0 = .
		SccProjectUniqueName1 = IRMALib\\IRMALib.csproj
		SccProjectName1 = IRMALib
		SccLocalPath1 = IRMALib
		SccProjectUniqueName2 = IRMALibTest\\IRMALibTest.csproj
		SccProjectName2 = IRMALibTest
		SccLocalPath2 = IRMALibTest
	EndGlobalSection
	GlobalSection(TestCaseManagementSettings) = postSolution
		CategoryFile = IRMALib.vsmdi
	EndGlobalSection
	GlobalSection(SolutionConfigurationPlatforms) = preSolution
		Debug|Any CPU = Debug|Any CPU
		Debug|Mixed Platforms = Debug|Mixed Platforms
		Debug|x86 = Debug|x86
		Release|Any CPU = Release|Any CPU
		Release|Mixed Platforms = Release|Mixed Platforms
		Release|x86 = Release|x86
	EndGlobalSection
	GlobalSection(ProjectConfigurationPlatforms) = postSolution
		{B9F0506E-DE3A-4CE5-A45D-E79988F01CB6}.Debug|Any CPU.ActiveCfg = Debug|Any CPU
		{B9F0506E-DE3A-4CE5-A45D-E79988F01CB6}.Debug|Any CPU.Build.0 = Debug|Any CPU
		{B9F0506E-DE3A-4CE5-A45D-E79988F01CB6}.Debug|Mixed Platforms.ActiveCfg = Debug|Any CPU
		{B9F0506E-DE3A-4CE5-A45D-E79988F01CB6}.Debug|Mixed Platforms.Build.0 = Debug|Any CPU
		{B9F0506E-DE3A-4CE5-A45D-E79988F01CB6}.Debug|x86.ActiveCfg = Debug|Any CPU
		{B9F0506E-DE3A-4CE5-A45D-E79988F01CB6}.Release|Any CPU.ActiveCfg = Release|Any CPU
		{B9F0506E-DE3A-4CE5-A45D-E79988F01CB6}.Release|Any CPU.Build.0 = Release|Any CPU
		{B9F0506E-DE3A-4CE5-A45D-E79988F01CB6}.Release|Mixed Platforms.ActiveCfg = Release|Any CPU
		{B9F0506E-DE3A-4CE5-A45D-E79988F01CB6}.Release|Mixed Platforms.Build.0 = Release|Any CPU
		{B9F0506E-DE3A-4CE5-A45D-E79988F01CB6}.Release|x86.ActiveCfg = Release|Any CPU
		{02731A51-0E17-4A1C-AE59-4B328AF60895}.Debug|Any CPU.ActiveCfg = Debug|Any CPU
		{02731A51-0E17-4A1C-AE59-4B328AF60895}.Debug|Any CPU.Build.0 = Debug|Any CPU
		{02731A51-0E17-4A1C-AE59-4B328AF60895}.Debug|Mixed Platforms.ActiveCfg = Debug|Any CPU
		{02731A51-0E17-4A1C-AE59-4B328AF60895}.Debug|Mixed Platforms.Build.0 = Debug|Any CPU
		{02731A51-0E17-4A1C-AE59-4B328AF60895}.Debug|x86.ActiveCfg = Debug|Any CPU
		{02731A51-0E17-4A1C-AE59-4B328AF60895}.Release|Any CPU.ActiveCfg = Release|Any CPU
		{02731A51-0E17-4A1C-AE59-4B328AF60895}.Release|Any CPU.Build.0 = Release|Any CPU
		{02731A51-0E17-4A1C-AE59-4B328AF60895}.Release|Mixed Platforms.ActiveCfg = Release|Any CPU
		{02731A51-0E17-4A1C-AE59-4B328AF60895}.Release|Mixed Platforms.Build.0 = Release|Any CPU
		{02731A51-0E17-4A1C-AE59-4B328AF60895}.Release|x86.ActiveCfg = Release|Any CPU
	EndGlobalSection
	GlobalSection(SolutionProperties) = preSolution
		HideSolutionNode = FALSE
	EndGlobalSection
EndGlobal
