
Microsoft Visual Studio Solution File, Format Version 10.00
# Visual Studio 2008
Project("{B900F1C2-3D47-4FEC-85B3-04AAF18C3634}") = "SymbolDeployment", "List-O-Matic Symbol Deployment\HandHeldDataCollectInstaller.vddproj", "{1BC1C6ED-5A1B-48BD-B1D6-247C8CBD4126}"
EndProject
Project("{F184B08F-C81C-45F6-A57F-5ABD9991F28F}") = "OOS HH Symbol", "List-O-Matic Symbol Handheld Application\OOS HH Symbol.vbproj", "{33F56391-E115-4CF4-8CC6-039E3C513237}"
EndProject
Global
	GlobalSection(SolutionConfigurationPlatforms) = preSolution
		Debug|Any CPU = Debug|Any CPU
		Release|Any CPU = Release|Any CPU
	EndGlobalSection
	GlobalSection(ProjectConfigurationPlatforms) = postSolution
		{1BC1C6ED-5A1B-48BD-B1D6-247C8CBD4126}.Debug|Any CPU.ActiveCfg = Debug
		{1BC1C6ED-5A1B-48BD-B1D6-247C8CBD4126}.Debug|Any CPU.Build.0 = Debug
		{1BC1C6ED-5A1B-48BD-B1D6-247C8CBD4126}.Release|Any CPU.ActiveCfg = Release
		{1BC1C6ED-5A1B-48BD-B1D6-247C8CBD4126}.Release|Any CPU.Build.0 = Release
		{33F56391-E115-4CF4-8CC6-039E3C513237}.Debug|Any CPU.ActiveCfg = Debug|Any CPU
		{33F56391-E115-4CF4-8CC6-039E3C513237}.Debug|Any CPU.Build.0 = Debug|Any CPU
		{33F56391-E115-4CF4-8CC6-039E3C513237}.Debug|Any CPU.Deploy.0 = Debug|Any CPU
		{33F56391-E115-4CF4-8CC6-039E3C513237}.Release|Any CPU.ActiveCfg = Release|Any CPU
		{33F56391-E115-4CF4-8CC6-039E3C513237}.Release|Any CPU.Build.0 = Release|Any CPU
		{33F56391-E115-4CF4-8CC6-039E3C513237}.Release|Any CPU.Deploy.0 = Release|Any CPU
	EndGlobalSection
	GlobalSection(SolutionProperties) = preSolution
		HideSolutionNode = FALSE
	EndGlobalSection
EndGlobal
