
Microsoft Visual Studio Solution File, Format Version 12.00
# Visual Studio Version 16
VisualStudioVersion = 16.0.29230.47
MinimumVisualStudioVersion = 10.0.40219.1
Project("{9A19103F-16F7-4668-BE54-9A1E7A4F7556}") = "WFM.OutOfStock.API", "WFM.OutOfStock.API\WFM.OutOfStock.API.csproj", "{20BA9CB9-DA36-4363-8B1C-FD55DE3B6834}"
EndProject
Global
	GlobalSection(SolutionConfigurationPlatforms) = preSolution
		Debug|Any CPU = Debug|Any CPU
		Release|Any CPU = Release|Any CPU
	EndGlobalSection
	GlobalSection(ProjectConfigurationPlatforms) = postSolution
		{20BA9CB9-DA36-4363-8B1C-FD55DE3B6834}.Debug|Any CPU.ActiveCfg = Debug|Any CPU
		{20BA9CB9-DA36-4363-8B1C-FD55DE3B6834}.Debug|Any CPU.Build.0 = Debug|Any CPU
		{20BA9CB9-DA36-4363-8B1C-FD55DE3B6834}.Release|Any CPU.ActiveCfg = Release|Any CPU
		{20BA9CB9-DA36-4363-8B1C-FD55DE3B6834}.Release|Any CPU.Build.0 = Release|Any CPU
	EndGlobalSection
	GlobalSection(SolutionProperties) = preSolution
		HideSolutionNode = FALSE
	EndGlobalSection
	GlobalSection(ExtensibilityGlobals) = postSolution
		SolutionGuid = {C3859995-C5E4-460A-ADEF-031AEC5A1E70}
	EndGlobalSection
EndGlobal
