
Microsoft Visual Studio Solution File, Format Version 12.00
# Visual Studio 15
VisualStudioVersion = 15.0.28010.2003
MinimumVisualStudioVersion = 10.0.40219.1
Project("{FAE04EC0-301F-11D3-BF4B-00C04F79EFBC}") = "MammothAudit", "MammothAuditService\MammothAudit.csproj", "{A3EC3A56-9EB1-40E0-93D9-818233666D5C}"
EndProject
Project("{FAE04EC0-301F-11D3-BF4B-00C04F79EFBC}") = "MammothAuditTest", "MammothAuditTest\MammothAuditTest.csproj", "{87B5EBBD-C772-480E-B973-8DE49AF475D6}"
EndProject
Global
	GlobalSection(SolutionConfigurationPlatforms) = preSolution
		Debug|Any CPU = Debug|Any CPU
		Dev|Any CPU = Dev|Any CPU
		Dev1|Any CPU = Dev1|Any CPU
		Perf|Any CPU = Perf|Any CPU
		QA|Any CPU = QA|Any CPU
		Release|Any CPU = Release|Any CPU
		Test|Any CPU = Test|Any CPU
	EndGlobalSection
	GlobalSection(ProjectConfigurationPlatforms) = postSolution
		{A3EC3A56-9EB1-40E0-93D9-818233666D5C}.Debug|Any CPU.ActiveCfg = Debug|Any CPU
		{A3EC3A56-9EB1-40E0-93D9-818233666D5C}.Debug|Any CPU.Build.0 = Debug|Any CPU
		{A3EC3A56-9EB1-40E0-93D9-818233666D5C}.Dev|Any CPU.ActiveCfg = Dev|Any CPU
		{A3EC3A56-9EB1-40E0-93D9-818233666D5C}.Dev|Any CPU.Build.0 = Dev|Any CPU
		{A3EC3A56-9EB1-40E0-93D9-818233666D5C}.Dev1|Any CPU.ActiveCfg = Dev1|Any CPU
		{A3EC3A56-9EB1-40E0-93D9-818233666D5C}.Dev1|Any CPU.Build.0 = Dev1|Any CPU
		{A3EC3A56-9EB1-40E0-93D9-818233666D5C}.Perf|Any CPU.ActiveCfg = Perf|Any CPU
		{A3EC3A56-9EB1-40E0-93D9-818233666D5C}.Perf|Any CPU.Build.0 = Perf|Any CPU
		{A3EC3A56-9EB1-40E0-93D9-818233666D5C}.QA|Any CPU.ActiveCfg = QA|Any CPU
		{A3EC3A56-9EB1-40E0-93D9-818233666D5C}.QA|Any CPU.Build.0 = QA|Any CPU
		{A3EC3A56-9EB1-40E0-93D9-818233666D5C}.Release|Any CPU.ActiveCfg = Release|Any CPU
		{A3EC3A56-9EB1-40E0-93D9-818233666D5C}.Release|Any CPU.Build.0 = Release|Any CPU
		{A3EC3A56-9EB1-40E0-93D9-818233666D5C}.Test|Any CPU.ActiveCfg = Test|Any CPU
		{A3EC3A56-9EB1-40E0-93D9-818233666D5C}.Test|Any CPU.Build.0 = Test|Any CPU
		{87B5EBBD-C772-480E-B973-8DE49AF475D6}.Debug|Any CPU.ActiveCfg = Debug|Any CPU
		{87B5EBBD-C772-480E-B973-8DE49AF475D6}.Debug|Any CPU.Build.0 = Debug|Any CPU
		{87B5EBBD-C772-480E-B973-8DE49AF475D6}.Dev|Any CPU.ActiveCfg = Dev|Any CPU
		{87B5EBBD-C772-480E-B973-8DE49AF475D6}.Dev|Any CPU.Build.0 = Dev|Any CPU
		{87B5EBBD-C772-480E-B973-8DE49AF475D6}.Dev1|Any CPU.ActiveCfg = Dev1|Any CPU
		{87B5EBBD-C772-480E-B973-8DE49AF475D6}.Dev1|Any CPU.Build.0 = Dev1|Any CPU
		{87B5EBBD-C772-480E-B973-8DE49AF475D6}.Perf|Any CPU.ActiveCfg = Debug|Any CPU
		{87B5EBBD-C772-480E-B973-8DE49AF475D6}.Perf|Any CPU.Build.0 = Debug|Any CPU
		{87B5EBBD-C772-480E-B973-8DE49AF475D6}.QA|Any CPU.ActiveCfg = Debug|Any CPU
		{87B5EBBD-C772-480E-B973-8DE49AF475D6}.QA|Any CPU.Build.0 = Debug|Any CPU
		{87B5EBBD-C772-480E-B973-8DE49AF475D6}.Release|Any CPU.ActiveCfg = Release|Any CPU
		{87B5EBBD-C772-480E-B973-8DE49AF475D6}.Release|Any CPU.Build.0 = Release|Any CPU
		{87B5EBBD-C772-480E-B973-8DE49AF475D6}.Test|Any CPU.ActiveCfg = Test|Any CPU
		{87B5EBBD-C772-480E-B973-8DE49AF475D6}.Test|Any CPU.Build.0 = Test|Any CPU
	EndGlobalSection
	GlobalSection(SolutionProperties) = preSolution
		HideSolutionNode = FALSE
	EndGlobalSection
	GlobalSection(ExtensibilityGlobals) = postSolution
		SolutionGuid = {B5F19F79-844C-435F-9E22-27657C9C889C}
	EndGlobalSection
EndGlobal
