
Microsoft Visual Studio Solution File, Format Version 12.00
# Visual Studio 15
VisualStudioVersion = 15.0.27004.2009
MinimumVisualStudioVersion = 10.0.40219.1
Project("{FAE04EC0-301F-11D3-BF4B-00C04F79EFBC}") = "Mammoth.Price.Controller", "Mammoth.Price.Controller\Mammoth.Price.Controller.csproj", "{DF203112-650E-4794-8A76-5AA55FF8B775}"
EndProject
Project("{FAE04EC0-301F-11D3-BF4B-00C04F79EFBC}") = "Mammoth.Price.Controller.DataAccess", "Mammoth.Price.Controller.DataAccess\Mammoth.Price.Controller.DataAccess.csproj", "{4917BC52-8B44-4911-94DF-7277A89BDCF3}"
EndProject
Project("{FAE04EC0-301F-11D3-BF4B-00C04F79EFBC}") = "Mammoth.Price.Controller.Tests", "Mammoth.Price.Controller.Tests\Mammoth.Price.Controller.Tests.csproj", "{A6C91B1C-71FA-434B-B02C-DC62213A29C4}"
EndProject
Project("{FAE04EC0-301F-11D3-BF4B-00C04F79EFBC}") = "Mammoth.Price.Controller.DataAccess.Tests", "Mammoth.Price.Controller.DataAccess.Tests\Mammoth.Price.Controller.DataAccess.Tests.csproj", "{CC2FBA98-E523-4E5E-9DB9-2108215D3854}"
EndProject
Project("{FAE04EC0-301F-11D3-BF4B-00C04F79EFBC}") = "Mammoth.Price.Controller.Tests.Specs", "Mammoth.Price.Controller.Tests.Specs\Mammoth.Price.Controller.Tests.Specs.csproj", "{EB9E26AD-9AF2-4AFF-8E3F-F103BBAEBD02}"
EndProject
Project("{FAE04EC0-301F-11D3-BF4B-00C04F79EFBC}") = "Mammoth.Price.Controller.Common", "Mammoth.Price.Controller.Common\Mammoth.Price.Controller.Common.csproj", "{3F3BFD24-6609-41DC-B8DC-F71BC2FFCA8E}"
EndProject
Global
	GlobalSection(SolutionConfigurationPlatforms) = preSolution
		Debug|Any CPU = Debug|Any CPU
		Dev1|Any CPU = Dev1|Any CPU
		Perf|Any CPU = Perf|Any CPU
		QA|Any CPU = QA|Any CPU
		Release|Any CPU = Release|Any CPU
		Test|Any CPU = Test|Any CPU
		Test1|Any CPU = Test1|Any CPU
	EndGlobalSection
	GlobalSection(ProjectConfigurationPlatforms) = postSolution
		{DF203112-650E-4794-8A76-5AA55FF8B775}.Debug|Any CPU.ActiveCfg = Debug|Any CPU
		{DF203112-650E-4794-8A76-5AA55FF8B775}.Debug|Any CPU.Build.0 = Debug|Any CPU
		{DF203112-650E-4794-8A76-5AA55FF8B775}.Dev1|Any CPU.ActiveCfg = Dev1|Any CPU
		{DF203112-650E-4794-8A76-5AA55FF8B775}.Dev1|Any CPU.Build.0 = Dev1|Any CPU
		{DF203112-650E-4794-8A76-5AA55FF8B775}.Perf|Any CPU.ActiveCfg = Test|Any CPU
		{DF203112-650E-4794-8A76-5AA55FF8B775}.Perf|Any CPU.Build.0 = Test|Any CPU
		{DF203112-650E-4794-8A76-5AA55FF8B775}.QA|Any CPU.ActiveCfg = QA|Any CPU
		{DF203112-650E-4794-8A76-5AA55FF8B775}.QA|Any CPU.Build.0 = QA|Any CPU
		{DF203112-650E-4794-8A76-5AA55FF8B775}.Release|Any CPU.ActiveCfg = Release|Any CPU
		{DF203112-650E-4794-8A76-5AA55FF8B775}.Release|Any CPU.Build.0 = Release|Any CPU
		{DF203112-650E-4794-8A76-5AA55FF8B775}.Test|Any CPU.ActiveCfg = Test|Any CPU
		{DF203112-650E-4794-8A76-5AA55FF8B775}.Test|Any CPU.Build.0 = Test|Any CPU
		{DF203112-650E-4794-8A76-5AA55FF8B775}.Test1|Any CPU.ActiveCfg = Test1|Any CPU
		{DF203112-650E-4794-8A76-5AA55FF8B775}.Test1|Any CPU.Build.0 = Test1|Any CPU
		{4917BC52-8B44-4911-94DF-7277A89BDCF3}.Debug|Any CPU.ActiveCfg = Debug|Any CPU
		{4917BC52-8B44-4911-94DF-7277A89BDCF3}.Debug|Any CPU.Build.0 = Debug|Any CPU
		{4917BC52-8B44-4911-94DF-7277A89BDCF3}.Dev1|Any CPU.ActiveCfg = Dev1|Any CPU
		{4917BC52-8B44-4911-94DF-7277A89BDCF3}.Dev1|Any CPU.Build.0 = Dev1|Any CPU
		{4917BC52-8B44-4911-94DF-7277A89BDCF3}.Perf|Any CPU.ActiveCfg = Perf|Any CPU
		{4917BC52-8B44-4911-94DF-7277A89BDCF3}.Perf|Any CPU.Build.0 = Perf|Any CPU
		{4917BC52-8B44-4911-94DF-7277A89BDCF3}.QA|Any CPU.ActiveCfg = QA|Any CPU
		{4917BC52-8B44-4911-94DF-7277A89BDCF3}.QA|Any CPU.Build.0 = QA|Any CPU
		{4917BC52-8B44-4911-94DF-7277A89BDCF3}.Release|Any CPU.ActiveCfg = Release|Any CPU
		{4917BC52-8B44-4911-94DF-7277A89BDCF3}.Release|Any CPU.Build.0 = Release|Any CPU
		{4917BC52-8B44-4911-94DF-7277A89BDCF3}.Test|Any CPU.ActiveCfg = Test|Any CPU
		{4917BC52-8B44-4911-94DF-7277A89BDCF3}.Test|Any CPU.Build.0 = Test|Any CPU
		{4917BC52-8B44-4911-94DF-7277A89BDCF3}.Test1|Any CPU.ActiveCfg = Test1|Any CPU
		{4917BC52-8B44-4911-94DF-7277A89BDCF3}.Test1|Any CPU.Build.0 = Test1|Any CPU
		{A6C91B1C-71FA-434B-B02C-DC62213A29C4}.Debug|Any CPU.ActiveCfg = Debug|Any CPU
		{A6C91B1C-71FA-434B-B02C-DC62213A29C4}.Debug|Any CPU.Build.0 = Debug|Any CPU
		{A6C91B1C-71FA-434B-B02C-DC62213A29C4}.Dev1|Any CPU.ActiveCfg = Dev1|Any CPU
		{A6C91B1C-71FA-434B-B02C-DC62213A29C4}.Dev1|Any CPU.Build.0 = Dev1|Any CPU
		{A6C91B1C-71FA-434B-B02C-DC62213A29C4}.Perf|Any CPU.ActiveCfg = Perf|Any CPU
		{A6C91B1C-71FA-434B-B02C-DC62213A29C4}.Perf|Any CPU.Build.0 = Perf|Any CPU
		{A6C91B1C-71FA-434B-B02C-DC62213A29C4}.QA|Any CPU.ActiveCfg = QA|Any CPU
		{A6C91B1C-71FA-434B-B02C-DC62213A29C4}.QA|Any CPU.Build.0 = QA|Any CPU
		{A6C91B1C-71FA-434B-B02C-DC62213A29C4}.Release|Any CPU.ActiveCfg = Release|Any CPU
		{A6C91B1C-71FA-434B-B02C-DC62213A29C4}.Release|Any CPU.Build.0 = Release|Any CPU
		{A6C91B1C-71FA-434B-B02C-DC62213A29C4}.Test|Any CPU.ActiveCfg = Test|Any CPU
		{A6C91B1C-71FA-434B-B02C-DC62213A29C4}.Test|Any CPU.Build.0 = Test|Any CPU
		{A6C91B1C-71FA-434B-B02C-DC62213A29C4}.Test1|Any CPU.ActiveCfg = Test1|Any CPU
		{A6C91B1C-71FA-434B-B02C-DC62213A29C4}.Test1|Any CPU.Build.0 = Test1|Any CPU
		{CC2FBA98-E523-4E5E-9DB9-2108215D3854}.Debug|Any CPU.ActiveCfg = Debug|Any CPU
		{CC2FBA98-E523-4E5E-9DB9-2108215D3854}.Debug|Any CPU.Build.0 = Debug|Any CPU
		{CC2FBA98-E523-4E5E-9DB9-2108215D3854}.Dev1|Any CPU.ActiveCfg = Dev1|Any CPU
		{CC2FBA98-E523-4E5E-9DB9-2108215D3854}.Dev1|Any CPU.Build.0 = Dev1|Any CPU
		{CC2FBA98-E523-4E5E-9DB9-2108215D3854}.Perf|Any CPU.ActiveCfg = Perf|Any CPU
		{CC2FBA98-E523-4E5E-9DB9-2108215D3854}.Perf|Any CPU.Build.0 = Perf|Any CPU
		{CC2FBA98-E523-4E5E-9DB9-2108215D3854}.QA|Any CPU.ActiveCfg = QA|Any CPU
		{CC2FBA98-E523-4E5E-9DB9-2108215D3854}.QA|Any CPU.Build.0 = QA|Any CPU
		{CC2FBA98-E523-4E5E-9DB9-2108215D3854}.Release|Any CPU.ActiveCfg = Release|Any CPU
		{CC2FBA98-E523-4E5E-9DB9-2108215D3854}.Release|Any CPU.Build.0 = Release|Any CPU
		{CC2FBA98-E523-4E5E-9DB9-2108215D3854}.Test|Any CPU.ActiveCfg = Test|Any CPU
		{CC2FBA98-E523-4E5E-9DB9-2108215D3854}.Test|Any CPU.Build.0 = Test|Any CPU
		{CC2FBA98-E523-4E5E-9DB9-2108215D3854}.Test1|Any CPU.ActiveCfg = Test1|Any CPU
		{CC2FBA98-E523-4E5E-9DB9-2108215D3854}.Test1|Any CPU.Build.0 = Test1|Any CPU
		{EB9E26AD-9AF2-4AFF-8E3F-F103BBAEBD02}.Debug|Any CPU.ActiveCfg = Debug|Any CPU
		{EB9E26AD-9AF2-4AFF-8E3F-F103BBAEBD02}.Debug|Any CPU.Build.0 = Debug|Any CPU
		{EB9E26AD-9AF2-4AFF-8E3F-F103BBAEBD02}.Dev1|Any CPU.ActiveCfg = Dev1|Any CPU
		{EB9E26AD-9AF2-4AFF-8E3F-F103BBAEBD02}.Dev1|Any CPU.Build.0 = Dev1|Any CPU
		{EB9E26AD-9AF2-4AFF-8E3F-F103BBAEBD02}.Perf|Any CPU.ActiveCfg = Perf|Any CPU
		{EB9E26AD-9AF2-4AFF-8E3F-F103BBAEBD02}.Perf|Any CPU.Build.0 = Perf|Any CPU
		{EB9E26AD-9AF2-4AFF-8E3F-F103BBAEBD02}.QA|Any CPU.ActiveCfg = QA|Any CPU
		{EB9E26AD-9AF2-4AFF-8E3F-F103BBAEBD02}.QA|Any CPU.Build.0 = QA|Any CPU
		{EB9E26AD-9AF2-4AFF-8E3F-F103BBAEBD02}.Release|Any CPU.ActiveCfg = Release|Any CPU
		{EB9E26AD-9AF2-4AFF-8E3F-F103BBAEBD02}.Release|Any CPU.Build.0 = Release|Any CPU
		{EB9E26AD-9AF2-4AFF-8E3F-F103BBAEBD02}.Test|Any CPU.ActiveCfg = Test|Any CPU
		{EB9E26AD-9AF2-4AFF-8E3F-F103BBAEBD02}.Test|Any CPU.Build.0 = Test|Any CPU
		{EB9E26AD-9AF2-4AFF-8E3F-F103BBAEBD02}.Test1|Any CPU.ActiveCfg = Test1|Any CPU
		{EB9E26AD-9AF2-4AFF-8E3F-F103BBAEBD02}.Test1|Any CPU.Build.0 = Test1|Any CPU
		{3F3BFD24-6609-41DC-B8DC-F71BC2FFCA8E}.Debug|Any CPU.ActiveCfg = Debug|Any CPU
		{3F3BFD24-6609-41DC-B8DC-F71BC2FFCA8E}.Debug|Any CPU.Build.0 = Debug|Any CPU
		{3F3BFD24-6609-41DC-B8DC-F71BC2FFCA8E}.Dev1|Any CPU.ActiveCfg = Dev1|Any CPU
		{3F3BFD24-6609-41DC-B8DC-F71BC2FFCA8E}.Dev1|Any CPU.Build.0 = Dev1|Any CPU
		{3F3BFD24-6609-41DC-B8DC-F71BC2FFCA8E}.Perf|Any CPU.ActiveCfg = Perf|Any CPU
		{3F3BFD24-6609-41DC-B8DC-F71BC2FFCA8E}.Perf|Any CPU.Build.0 = Perf|Any CPU
		{3F3BFD24-6609-41DC-B8DC-F71BC2FFCA8E}.QA|Any CPU.ActiveCfg = Release|Any CPU
		{3F3BFD24-6609-41DC-B8DC-F71BC2FFCA8E}.QA|Any CPU.Build.0 = Release|Any CPU
		{3F3BFD24-6609-41DC-B8DC-F71BC2FFCA8E}.Release|Any CPU.ActiveCfg = Release|Any CPU
		{3F3BFD24-6609-41DC-B8DC-F71BC2FFCA8E}.Release|Any CPU.Build.0 = Release|Any CPU
		{3F3BFD24-6609-41DC-B8DC-F71BC2FFCA8E}.Test|Any CPU.ActiveCfg = Release|Any CPU
		{3F3BFD24-6609-41DC-B8DC-F71BC2FFCA8E}.Test|Any CPU.Build.0 = Release|Any CPU
		{3F3BFD24-6609-41DC-B8DC-F71BC2FFCA8E}.Test1|Any CPU.ActiveCfg = Test1|Any CPU
		{3F3BFD24-6609-41DC-B8DC-F71BC2FFCA8E}.Test1|Any CPU.Build.0 = Test1|Any CPU
	EndGlobalSection
	GlobalSection(SolutionProperties) = preSolution
		HideSolutionNode = FALSE
	EndGlobalSection
	GlobalSection(ExtensibilityGlobals) = postSolution
		SolutionGuid = {5197B530-5970-4C2B-8360-6F24FC91855D}
	EndGlobalSection
EndGlobal
