
Microsoft Visual Studio Solution File, Format Version 11.00
# Visual Studio 2010
Project("{FAE04EC0-301F-11D3-BF4B-00C04F79EFBC}") = "OOSCommon", "..\OOSCommon\OOSCommon.csproj", "{554DAF29-3CED-47BA-9FA8-9F87317FAD84}"
EndProject
Project("{FAE04EC0-301F-11D3-BF4B-00C04F79EFBC}") = "OOSImport", "OOSImport.csproj", "{BBE971B8-8159-40E9-8359-83F382164581}"
EndProject
Project("{FAE04EC0-301F-11D3-BF4B-00C04F79EFBC}") = "OOSImport.Test", "OOSImport.Test\OOSImport.Test.csproj", "{CADBE098-52E5-41EE-9690-D2FC711B8464}"
EndProject
Project("{2150E333-8FDC-42A3-9474-1A3956D46DE8}") = "Solution Items", "Solution Items", "{5B0F0464-9CDE-4CF5-9F22-FD15D34BE518}"
	ProjectSection(SolutionItems) = preProject
		Local.testsettings = Local.testsettings
		OOSImport.vsmdi = OOSImport.vsmdi
		TraceAndTestImpact.testsettings = TraceAndTestImpact.testsettings
	EndProjectSection
EndProject
Global
	GlobalSection(TeamFoundationVersionControl) = preSolution
		SccNumberOfProjects = 4
		SccEnterpriseProvider = {4CA58AB2-18FA-4F8D-95D4-32DDF27D184C}
		SccTeamFoundationServer = http://cewp1605:8080/tfs/defaultcollection
		SccLocalPath0 = .
		SccProjectUniqueName1 = ..\\OOSCommon\\OOSCommon.csproj
		SccProjectName1 = ../OOSCommon
		SccLocalPath1 = ..\\OOSCommon
		SccProjectUniqueName2 = OOSImport.csproj
		SccLocalPath2 = .
		SccProjectUniqueName3 = OOSImport.Test\\OOSImport.Test.csproj
		SccProjectName3 = OOSImport.Test
		SccLocalPath3 = OOSImport.Test
	EndGlobalSection
	GlobalSection(TestCaseManagementSettings) = postSolution
		CategoryFile = OOSImport.vsmdi
	EndGlobalSection
	GlobalSection(SolutionConfigurationPlatforms) = preSolution
		Debug|Any CPU = Debug|Any CPU
		Debug|Mixed Platforms = Debug|Mixed Platforms
		Debug|x86 = Debug|x86
		Release|Any CPU = Release|Any CPU
		Release|Mixed Platforms = Release|Mixed Platforms
		Release|x86 = Release|x86
	EndGlobalSection
	GlobalSection(ProjectConfigurationPlatforms) = postSolution
		{554DAF29-3CED-47BA-9FA8-9F87317FAD84}.Debug|Any CPU.ActiveCfg = Debug|Any CPU
		{554DAF29-3CED-47BA-9FA8-9F87317FAD84}.Debug|Any CPU.Build.0 = Debug|Any CPU
		{554DAF29-3CED-47BA-9FA8-9F87317FAD84}.Debug|Mixed Platforms.ActiveCfg = Debug|Any CPU
		{554DAF29-3CED-47BA-9FA8-9F87317FAD84}.Debug|Mixed Platforms.Build.0 = Debug|Any CPU
		{554DAF29-3CED-47BA-9FA8-9F87317FAD84}.Debug|x86.ActiveCfg = Debug|Any CPU
		{554DAF29-3CED-47BA-9FA8-9F87317FAD84}.Release|Any CPU.ActiveCfg = Release|Any CPU
		{554DAF29-3CED-47BA-9FA8-9F87317FAD84}.Release|Any CPU.Build.0 = Release|Any CPU
		{554DAF29-3CED-47BA-9FA8-9F87317FAD84}.Release|Mixed Platforms.ActiveCfg = Release|Any CPU
		{554DAF29-3CED-47BA-9FA8-9F87317FAD84}.Release|Mixed Platforms.Build.0 = Release|Any CPU
		{554DAF29-3CED-47BA-9FA8-9F87317FAD84}.Release|x86.ActiveCfg = Release|Any CPU
		{BBE971B8-8159-40E9-8359-83F382164581}.Debug|Any CPU.ActiveCfg = Debug|x86
		{BBE971B8-8159-40E9-8359-83F382164581}.Debug|Mixed Platforms.ActiveCfg = Debug|x86
		{BBE971B8-8159-40E9-8359-83F382164581}.Debug|Mixed Platforms.Build.0 = Debug|x86
		{BBE971B8-8159-40E9-8359-83F382164581}.Debug|x86.ActiveCfg = Debug|x86
		{BBE971B8-8159-40E9-8359-83F382164581}.Debug|x86.Build.0 = Debug|x86
		{BBE971B8-8159-40E9-8359-83F382164581}.Release|Any CPU.ActiveCfg = Release|x86
		{BBE971B8-8159-40E9-8359-83F382164581}.Release|Mixed Platforms.ActiveCfg = Release|x86
		{BBE971B8-8159-40E9-8359-83F382164581}.Release|Mixed Platforms.Build.0 = Release|x86
		{BBE971B8-8159-40E9-8359-83F382164581}.Release|x86.ActiveCfg = Release|x86
		{BBE971B8-8159-40E9-8359-83F382164581}.Release|x86.Build.0 = Release|x86
		{CADBE098-52E5-41EE-9690-D2FC711B8464}.Debug|Any CPU.ActiveCfg = Debug|Any CPU
		{CADBE098-52E5-41EE-9690-D2FC711B8464}.Debug|Any CPU.Build.0 = Debug|Any CPU
		{CADBE098-52E5-41EE-9690-D2FC711B8464}.Debug|Mixed Platforms.ActiveCfg = Debug|Any CPU
		{CADBE098-52E5-41EE-9690-D2FC711B8464}.Debug|Mixed Platforms.Build.0 = Debug|Any CPU
		{CADBE098-52E5-41EE-9690-D2FC711B8464}.Debug|x86.ActiveCfg = Debug|Any CPU
		{CADBE098-52E5-41EE-9690-D2FC711B8464}.Release|Any CPU.ActiveCfg = Release|Any CPU
		{CADBE098-52E5-41EE-9690-D2FC711B8464}.Release|Any CPU.Build.0 = Release|Any CPU
		{CADBE098-52E5-41EE-9690-D2FC711B8464}.Release|Mixed Platforms.ActiveCfg = Release|Any CPU
		{CADBE098-52E5-41EE-9690-D2FC711B8464}.Release|Mixed Platforms.Build.0 = Release|Any CPU
		{CADBE098-52E5-41EE-9690-D2FC711B8464}.Release|x86.ActiveCfg = Release|Any CPU
	EndGlobalSection
	GlobalSection(SolutionProperties) = preSolution
		HideSolutionNode = FALSE
	EndGlobalSection
EndGlobal
