
Microsoft Visual Studio Solution File, Format Version 11.00
# Visual Studio 2010
Project("{FAE04EC0-301F-11D3-BF4B-00C04F79EFBC}") = "OOSCollector", "OOSCollector.csproj", "{AF45D3A8-15AE-48E5-93DC-8FC9AAB814B1}"
EndProject
Project("{FAE04EC0-301F-11D3-BF4B-00C04F79EFBC}") = "OOSCommon", "..\OOSCommon\OOSCommon.csproj", "{554DAF29-3CED-47BA-9FA8-9F87317FAD84}"
EndProject
Project("{FAE04EC0-301F-11D3-BF4B-00C04F79EFBC}") = "ProductDataBoundedContext", "..\ProductDataBoundedContext\ProductDataBoundedContext.csproj", "{ABFCAEE8-EF96-41A9-815E-57F60CA36F20}"
EndProject
Project("{FAE04EC0-301F-11D3-BF4B-00C04F79EFBC}") = "SharedKernel", "..\SharedKernel\SharedKernel.csproj", "{C28D2FC7-81B5-40BB-B343-1DD84A1A5CE6}"
EndProject
Global
	GlobalSection(TeamFoundationVersionControl) = preSolution
		SccNumberOfProjects = 5
		SccEnterpriseProvider = {4CA58AB2-18FA-4F8D-95D4-32DDF27D184C}
		SccTeamFoundationServer = http://cewp1605:8080/tfs/defaultcollection
		SccLocalPath0 = .
		SccProjectUniqueName1 = ..\\OOSCommon\\OOSCommon.csproj
		SccProjectName1 = ../OOSCommon
		SccLocalPath1 = ..\\OOSCommon
		SccProjectUniqueName2 = OOSCollector.csproj
		SccLocalPath2 = .
		SccProjectUniqueName3 = ..\\ProductDataBoundedContext\\ProductDataBoundedContext.csproj
		SccProjectName3 = ../ProductDataBoundedContext
		SccLocalPath3 = ..\\ProductDataBoundedContext
		SccProjectUniqueName4 = ..\\SharedKernel\\SharedKernel.csproj
		SccProjectName4 = ../SharedKernel
		SccLocalPath4 = ..\\SharedKernel
	EndGlobalSection
	GlobalSection(SolutionConfigurationPlatforms) = preSolution
		Debug|Any CPU = Debug|Any CPU
		Debug|Mixed Platforms = Debug|Mixed Platforms
		Debug|x86 = Debug|x86
		Production|Any CPU = Production|Any CPU
		Production|Mixed Platforms = Production|Mixed Platforms
		Production|x86 = Production|x86
		Release|Any CPU = Release|Any CPU
		Release|Mixed Platforms = Release|Mixed Platforms
		Release|x86 = Release|x86
		Test|Any CPU = Test|Any CPU
		Test|Mixed Platforms = Test|Mixed Platforms
		Test|x86 = Test|x86
	EndGlobalSection
	GlobalSection(ProjectConfigurationPlatforms) = postSolution
		{AF45D3A8-15AE-48E5-93DC-8FC9AAB814B1}.Debug|Any CPU.ActiveCfg = Debug|x86
		{AF45D3A8-15AE-48E5-93DC-8FC9AAB814B1}.Debug|Mixed Platforms.ActiveCfg = Debug|x86
		{AF45D3A8-15AE-48E5-93DC-8FC9AAB814B1}.Debug|Mixed Platforms.Build.0 = Debug|x86
		{AF45D3A8-15AE-48E5-93DC-8FC9AAB814B1}.Debug|x86.ActiveCfg = Debug|x86
		{AF45D3A8-15AE-48E5-93DC-8FC9AAB814B1}.Debug|x86.Build.0 = Debug|x86
		{AF45D3A8-15AE-48E5-93DC-8FC9AAB814B1}.Production|Any CPU.ActiveCfg = Release|x86
		{AF45D3A8-15AE-48E5-93DC-8FC9AAB814B1}.Production|Mixed Platforms.ActiveCfg = Release|x86
		{AF45D3A8-15AE-48E5-93DC-8FC9AAB814B1}.Production|Mixed Platforms.Build.0 = Release|x86
		{AF45D3A8-15AE-48E5-93DC-8FC9AAB814B1}.Production|x86.ActiveCfg = Release|x86
		{AF45D3A8-15AE-48E5-93DC-8FC9AAB814B1}.Production|x86.Build.0 = Release|x86
		{AF45D3A8-15AE-48E5-93DC-8FC9AAB814B1}.Release|Any CPU.ActiveCfg = Release|x86
		{AF45D3A8-15AE-48E5-93DC-8FC9AAB814B1}.Release|Mixed Platforms.ActiveCfg = Release|x86
		{AF45D3A8-15AE-48E5-93DC-8FC9AAB814B1}.Release|Mixed Platforms.Build.0 = Release|x86
		{AF45D3A8-15AE-48E5-93DC-8FC9AAB814B1}.Release|x86.ActiveCfg = Release|x86
		{AF45D3A8-15AE-48E5-93DC-8FC9AAB814B1}.Release|x86.Build.0 = Release|x86
		{AF45D3A8-15AE-48E5-93DC-8FC9AAB814B1}.Test|Any CPU.ActiveCfg = Release|x86
		{AF45D3A8-15AE-48E5-93DC-8FC9AAB814B1}.Test|Mixed Platforms.ActiveCfg = Release|x86
		{AF45D3A8-15AE-48E5-93DC-8FC9AAB814B1}.Test|Mixed Platforms.Build.0 = Release|x86
		{AF45D3A8-15AE-48E5-93DC-8FC9AAB814B1}.Test|x86.ActiveCfg = Release|x86
		{AF45D3A8-15AE-48E5-93DC-8FC9AAB814B1}.Test|x86.Build.0 = Release|x86
		{554DAF29-3CED-47BA-9FA8-9F87317FAD84}.Debug|Any CPU.ActiveCfg = Debug|Any CPU
		{554DAF29-3CED-47BA-9FA8-9F87317FAD84}.Debug|Any CPU.Build.0 = Debug|Any CPU
		{554DAF29-3CED-47BA-9FA8-9F87317FAD84}.Debug|Mixed Platforms.ActiveCfg = Debug|Any CPU
		{554DAF29-3CED-47BA-9FA8-9F87317FAD84}.Debug|Mixed Platforms.Build.0 = Debug|Any CPU
		{554DAF29-3CED-47BA-9FA8-9F87317FAD84}.Debug|x86.ActiveCfg = Debug|Any CPU
		{554DAF29-3CED-47BA-9FA8-9F87317FAD84}.Production|Any CPU.ActiveCfg = Production|Any CPU
		{554DAF29-3CED-47BA-9FA8-9F87317FAD84}.Production|Any CPU.Build.0 = Production|Any CPU
		{554DAF29-3CED-47BA-9FA8-9F87317FAD84}.Production|Mixed Platforms.ActiveCfg = Production|Any CPU
		{554DAF29-3CED-47BA-9FA8-9F87317FAD84}.Production|Mixed Platforms.Build.0 = Production|Any CPU
		{554DAF29-3CED-47BA-9FA8-9F87317FAD84}.Production|x86.ActiveCfg = Production|Any CPU
		{554DAF29-3CED-47BA-9FA8-9F87317FAD84}.Release|Any CPU.ActiveCfg = Release|Any CPU
		{554DAF29-3CED-47BA-9FA8-9F87317FAD84}.Release|Any CPU.Build.0 = Release|Any CPU
		{554DAF29-3CED-47BA-9FA8-9F87317FAD84}.Release|Mixed Platforms.ActiveCfg = Release|Any CPU
		{554DAF29-3CED-47BA-9FA8-9F87317FAD84}.Release|Mixed Platforms.Build.0 = Release|Any CPU
		{554DAF29-3CED-47BA-9FA8-9F87317FAD84}.Release|x86.ActiveCfg = Release|Any CPU
		{554DAF29-3CED-47BA-9FA8-9F87317FAD84}.Test|Any CPU.ActiveCfg = Test|Any CPU
		{554DAF29-3CED-47BA-9FA8-9F87317FAD84}.Test|Any CPU.Build.0 = Test|Any CPU
		{554DAF29-3CED-47BA-9FA8-9F87317FAD84}.Test|Mixed Platforms.ActiveCfg = Test|Any CPU
		{554DAF29-3CED-47BA-9FA8-9F87317FAD84}.Test|Mixed Platforms.Build.0 = Test|Any CPU
		{554DAF29-3CED-47BA-9FA8-9F87317FAD84}.Test|x86.ActiveCfg = Test|Any CPU
		{ABFCAEE8-EF96-41A9-815E-57F60CA36F20}.Debug|Any CPU.ActiveCfg = Debug|Any CPU
		{ABFCAEE8-EF96-41A9-815E-57F60CA36F20}.Debug|Any CPU.Build.0 = Debug|Any CPU
		{ABFCAEE8-EF96-41A9-815E-57F60CA36F20}.Debug|Mixed Platforms.ActiveCfg = Debug|Any CPU
		{ABFCAEE8-EF96-41A9-815E-57F60CA36F20}.Debug|Mixed Platforms.Build.0 = Debug|Any CPU
		{ABFCAEE8-EF96-41A9-815E-57F60CA36F20}.Debug|x86.ActiveCfg = Debug|Any CPU
		{ABFCAEE8-EF96-41A9-815E-57F60CA36F20}.Production|Any CPU.ActiveCfg = Release|Any CPU
		{ABFCAEE8-EF96-41A9-815E-57F60CA36F20}.Production|Any CPU.Build.0 = Release|Any CPU
		{ABFCAEE8-EF96-41A9-815E-57F60CA36F20}.Production|Mixed Platforms.ActiveCfg = Release|Any CPU
		{ABFCAEE8-EF96-41A9-815E-57F60CA36F20}.Production|Mixed Platforms.Build.0 = Release|Any CPU
		{ABFCAEE8-EF96-41A9-815E-57F60CA36F20}.Production|x86.ActiveCfg = Release|Any CPU
		{ABFCAEE8-EF96-41A9-815E-57F60CA36F20}.Release|Any CPU.ActiveCfg = Release|Any CPU
		{ABFCAEE8-EF96-41A9-815E-57F60CA36F20}.Release|Any CPU.Build.0 = Release|Any CPU
		{ABFCAEE8-EF96-41A9-815E-57F60CA36F20}.Release|Mixed Platforms.ActiveCfg = Release|Any CPU
		{ABFCAEE8-EF96-41A9-815E-57F60CA36F20}.Release|Mixed Platforms.Build.0 = Release|Any CPU
		{ABFCAEE8-EF96-41A9-815E-57F60CA36F20}.Release|x86.ActiveCfg = Release|Any CPU
		{ABFCAEE8-EF96-41A9-815E-57F60CA36F20}.Test|Any CPU.ActiveCfg = Release|Any CPU
		{ABFCAEE8-EF96-41A9-815E-57F60CA36F20}.Test|Any CPU.Build.0 = Release|Any CPU
		{ABFCAEE8-EF96-41A9-815E-57F60CA36F20}.Test|Mixed Platforms.ActiveCfg = Release|Any CPU
		{ABFCAEE8-EF96-41A9-815E-57F60CA36F20}.Test|Mixed Platforms.Build.0 = Release|Any CPU
		{ABFCAEE8-EF96-41A9-815E-57F60CA36F20}.Test|x86.ActiveCfg = Release|Any CPU
		{C28D2FC7-81B5-40BB-B343-1DD84A1A5CE6}.Debug|Any CPU.ActiveCfg = Debug|Any CPU
		{C28D2FC7-81B5-40BB-B343-1DD84A1A5CE6}.Debug|Any CPU.Build.0 = Debug|Any CPU
		{C28D2FC7-81B5-40BB-B343-1DD84A1A5CE6}.Debug|Mixed Platforms.ActiveCfg = Debug|Any CPU
		{C28D2FC7-81B5-40BB-B343-1DD84A1A5CE6}.Debug|Mixed Platforms.Build.0 = Debug|Any CPU
		{C28D2FC7-81B5-40BB-B343-1DD84A1A5CE6}.Debug|x86.ActiveCfg = Debug|Any CPU
		{C28D2FC7-81B5-40BB-B343-1DD84A1A5CE6}.Production|Any CPU.ActiveCfg = Release|Any CPU
		{C28D2FC7-81B5-40BB-B343-1DD84A1A5CE6}.Production|Any CPU.Build.0 = Release|Any CPU
		{C28D2FC7-81B5-40BB-B343-1DD84A1A5CE6}.Production|Mixed Platforms.ActiveCfg = Release|Any CPU
		{C28D2FC7-81B5-40BB-B343-1DD84A1A5CE6}.Production|Mixed Platforms.Build.0 = Release|Any CPU
		{C28D2FC7-81B5-40BB-B343-1DD84A1A5CE6}.Production|x86.ActiveCfg = Release|Any CPU
		{C28D2FC7-81B5-40BB-B343-1DD84A1A5CE6}.Release|Any CPU.ActiveCfg = Release|Any CPU
		{C28D2FC7-81B5-40BB-B343-1DD84A1A5CE6}.Release|Any CPU.Build.0 = Release|Any CPU
		{C28D2FC7-81B5-40BB-B343-1DD84A1A5CE6}.Release|Mixed Platforms.ActiveCfg = Release|Any CPU
		{C28D2FC7-81B5-40BB-B343-1DD84A1A5CE6}.Release|Mixed Platforms.Build.0 = Release|Any CPU
		{C28D2FC7-81B5-40BB-B343-1DD84A1A5CE6}.Release|x86.ActiveCfg = Release|Any CPU
		{C28D2FC7-81B5-40BB-B343-1DD84A1A5CE6}.Test|Any CPU.ActiveCfg = Release|Any CPU
		{C28D2FC7-81B5-40BB-B343-1DD84A1A5CE6}.Test|Any CPU.Build.0 = Release|Any CPU
		{C28D2FC7-81B5-40BB-B343-1DD84A1A5CE6}.Test|Mixed Platforms.ActiveCfg = Release|Any CPU
		{C28D2FC7-81B5-40BB-B343-1DD84A1A5CE6}.Test|Mixed Platforms.Build.0 = Release|Any CPU
		{C28D2FC7-81B5-40BB-B343-1DD84A1A5CE6}.Test|x86.ActiveCfg = Release|Any CPU
	EndGlobalSection
	GlobalSection(SolutionProperties) = preSolution
		HideSolutionNode = FALSE
	EndGlobalSection
EndGlobal
