
Microsoft Visual Studio Solution File, Format Version 11.00
# Visual Studio 2010
Project("{FAE04EC0-301F-11D3-BF4B-00C04F79EFBC}") = "OOS.StoreManagementUI", "OOS.StoreManagementUI.csproj", "{E342D7F6-43A0-446B-A458-ED7A5E838657}"
EndProject
Project("{FAE04EC0-301F-11D3-BF4B-00C04F79EFBC}") = "OOS.Model", "..\OOS.Model\OOS.Model.csproj", "{42EEB29B-E7F5-43DE-A7AE-617BE3DDAD97}"
EndProject
Project("{FAE04EC0-301F-11D3-BF4B-00C04F79EFBC}") = "OOSCommon", "..\OOSCommon\OOSCommon.csproj", "{554DAF29-3CED-47BA-9FA8-9F87317FAD84}"
EndProject
Global
	GlobalSection(TeamFoundationVersionControl) = preSolution
		SccNumberOfProjects = 4
		SccEnterpriseProvider = {4CA58AB2-18FA-4F8D-95D4-32DDF27D184C}
		SccTeamFoundationServer = http://cewp1605:8080/tfs/defaultcollection
		SccProjectUniqueName0 = ..\\OOS.Model\\OOS.Model.csproj
		SccProjectName0 = ../OOS.Model
		SccLocalPath0 = ..\\OOS.Model
		SccProjectUniqueName1 = ..\\OOSCommon\\OOSCommon.csproj
		SccProjectName1 = ../OOSCommon
		SccLocalPath1 = ..\\OOSCommon
		SccLocalPath2 = .
		SccProjectUniqueName3 = OOS.StoreManagementUI.csproj
		SccLocalPath3 = .
	EndGlobalSection
	GlobalSection(SolutionConfigurationPlatforms) = preSolution
		Debug|Any CPU = Debug|Any CPU
		Debug|Mixed Platforms = Debug|Mixed Platforms
		Debug|x86 = Debug|x86
		Production|Any CPU = Production|Any CPU
		Production|Mixed Platforms = Production|Mixed Platforms
		Production|x86 = Production|x86
		QA|Any CPU = QA|Any CPU
		QA|Mixed Platforms = QA|Mixed Platforms
		QA|x86 = QA|x86
		Release|Any CPU = Release|Any CPU
		Release|Mixed Platforms = Release|Mixed Platforms
		Release|x86 = Release|x86
		Test|Any CPU = Test|Any CPU
		Test|Mixed Platforms = Test|Mixed Platforms
		Test|x86 = Test|x86
	EndGlobalSection
	GlobalSection(ProjectConfigurationPlatforms) = postSolution
		{E342D7F6-43A0-446B-A458-ED7A5E838657}.Debug|Any CPU.ActiveCfg = Debug|x86
		{E342D7F6-43A0-446B-A458-ED7A5E838657}.Debug|Mixed Platforms.ActiveCfg = Debug|x86
		{E342D7F6-43A0-446B-A458-ED7A5E838657}.Debug|Mixed Platforms.Build.0 = Debug|x86
		{E342D7F6-43A0-446B-A458-ED7A5E838657}.Debug|x86.ActiveCfg = Debug|x86
		{E342D7F6-43A0-446B-A458-ED7A5E838657}.Debug|x86.Build.0 = Debug|x86
		{E342D7F6-43A0-446B-A458-ED7A5E838657}.Production|Any CPU.ActiveCfg = Release|x86
		{E342D7F6-43A0-446B-A458-ED7A5E838657}.Production|Mixed Platforms.ActiveCfg = Release|x86
		{E342D7F6-43A0-446B-A458-ED7A5E838657}.Production|Mixed Platforms.Build.0 = Release|x86
		{E342D7F6-43A0-446B-A458-ED7A5E838657}.Production|x86.ActiveCfg = Release|x86
		{E342D7F6-43A0-446B-A458-ED7A5E838657}.Production|x86.Build.0 = Release|x86
		{E342D7F6-43A0-446B-A458-ED7A5E838657}.QA|Any CPU.ActiveCfg = Release|x86
		{E342D7F6-43A0-446B-A458-ED7A5E838657}.QA|Mixed Platforms.ActiveCfg = Release|x86
		{E342D7F6-43A0-446B-A458-ED7A5E838657}.QA|Mixed Platforms.Build.0 = Release|x86
		{E342D7F6-43A0-446B-A458-ED7A5E838657}.QA|x86.ActiveCfg = Release|x86
		{E342D7F6-43A0-446B-A458-ED7A5E838657}.QA|x86.Build.0 = Release|x86
		{E342D7F6-43A0-446B-A458-ED7A5E838657}.Release|Any CPU.ActiveCfg = Release|x86
		{E342D7F6-43A0-446B-A458-ED7A5E838657}.Release|Mixed Platforms.ActiveCfg = Release|x86
		{E342D7F6-43A0-446B-A458-ED7A5E838657}.Release|Mixed Platforms.Build.0 = Release|x86
		{E342D7F6-43A0-446B-A458-ED7A5E838657}.Release|x86.ActiveCfg = Release|x86
		{E342D7F6-43A0-446B-A458-ED7A5E838657}.Release|x86.Build.0 = Release|x86
		{E342D7F6-43A0-446B-A458-ED7A5E838657}.Test|Any CPU.ActiveCfg = Release|x86
		{E342D7F6-43A0-446B-A458-ED7A5E838657}.Test|Mixed Platforms.ActiveCfg = Release|x86
		{E342D7F6-43A0-446B-A458-ED7A5E838657}.Test|Mixed Platforms.Build.0 = Release|x86
		{E342D7F6-43A0-446B-A458-ED7A5E838657}.Test|x86.ActiveCfg = Release|x86
		{E342D7F6-43A0-446B-A458-ED7A5E838657}.Test|x86.Build.0 = Release|x86
		{42EEB29B-E7F5-43DE-A7AE-617BE3DDAD97}.Debug|Any CPU.ActiveCfg = Debug|Any CPU
		{42EEB29B-E7F5-43DE-A7AE-617BE3DDAD97}.Debug|Any CPU.Build.0 = Debug|Any CPU
		{42EEB29B-E7F5-43DE-A7AE-617BE3DDAD97}.Debug|Mixed Platforms.ActiveCfg = Debug|Any CPU
		{42EEB29B-E7F5-43DE-A7AE-617BE3DDAD97}.Debug|Mixed Platforms.Build.0 = Debug|Any CPU
		{42EEB29B-E7F5-43DE-A7AE-617BE3DDAD97}.Debug|x86.ActiveCfg = Debug|Any CPU
		{42EEB29B-E7F5-43DE-A7AE-617BE3DDAD97}.Production|Any CPU.ActiveCfg = QA|Any CPU
		{42EEB29B-E7F5-43DE-A7AE-617BE3DDAD97}.Production|Any CPU.Build.0 = QA|Any CPU
		{42EEB29B-E7F5-43DE-A7AE-617BE3DDAD97}.Production|Mixed Platforms.ActiveCfg = QA|Any CPU
		{42EEB29B-E7F5-43DE-A7AE-617BE3DDAD97}.Production|Mixed Platforms.Build.0 = QA|Any CPU
		{42EEB29B-E7F5-43DE-A7AE-617BE3DDAD97}.Production|x86.ActiveCfg = QA|Any CPU
		{42EEB29B-E7F5-43DE-A7AE-617BE3DDAD97}.QA|Any CPU.ActiveCfg = QA|Any CPU
		{42EEB29B-E7F5-43DE-A7AE-617BE3DDAD97}.QA|Any CPU.Build.0 = QA|Any CPU
		{42EEB29B-E7F5-43DE-A7AE-617BE3DDAD97}.QA|Mixed Platforms.ActiveCfg = QA|Any CPU
		{42EEB29B-E7F5-43DE-A7AE-617BE3DDAD97}.QA|Mixed Platforms.Build.0 = QA|Any CPU
		{42EEB29B-E7F5-43DE-A7AE-617BE3DDAD97}.QA|x86.ActiveCfg = QA|Any CPU
		{42EEB29B-E7F5-43DE-A7AE-617BE3DDAD97}.Release|Any CPU.ActiveCfg = Release|Any CPU
		{42EEB29B-E7F5-43DE-A7AE-617BE3DDAD97}.Release|Any CPU.Build.0 = Release|Any CPU
		{42EEB29B-E7F5-43DE-A7AE-617BE3DDAD97}.Release|Mixed Platforms.ActiveCfg = Release|Any CPU
		{42EEB29B-E7F5-43DE-A7AE-617BE3DDAD97}.Release|Mixed Platforms.Build.0 = Release|Any CPU
		{42EEB29B-E7F5-43DE-A7AE-617BE3DDAD97}.Release|x86.ActiveCfg = Release|Any CPU
		{42EEB29B-E7F5-43DE-A7AE-617BE3DDAD97}.Test|Any CPU.ActiveCfg = QA|Any CPU
		{42EEB29B-E7F5-43DE-A7AE-617BE3DDAD97}.Test|Any CPU.Build.0 = QA|Any CPU
		{42EEB29B-E7F5-43DE-A7AE-617BE3DDAD97}.Test|Mixed Platforms.ActiveCfg = QA|Any CPU
		{42EEB29B-E7F5-43DE-A7AE-617BE3DDAD97}.Test|Mixed Platforms.Build.0 = QA|Any CPU
		{42EEB29B-E7F5-43DE-A7AE-617BE3DDAD97}.Test|x86.ActiveCfg = QA|Any CPU
		{554DAF29-3CED-47BA-9FA8-9F87317FAD84}.Debug|Any CPU.ActiveCfg = Debug|Any CPU
		{554DAF29-3CED-47BA-9FA8-9F87317FAD84}.Debug|Any CPU.Build.0 = Debug|Any CPU
		{554DAF29-3CED-47BA-9FA8-9F87317FAD84}.Debug|Mixed Platforms.ActiveCfg = Debug|Any CPU
		{554DAF29-3CED-47BA-9FA8-9F87317FAD84}.Debug|Mixed Platforms.Build.0 = Debug|Any CPU
		{554DAF29-3CED-47BA-9FA8-9F87317FAD84}.Debug|x86.ActiveCfg = Debug|Any CPU
		{554DAF29-3CED-47BA-9FA8-9F87317FAD84}.Production|Any CPU.ActiveCfg = Production|Any CPU
		{554DAF29-3CED-47BA-9FA8-9F87317FAD84}.Production|Any CPU.Build.0 = Production|Any CPU
		{554DAF29-3CED-47BA-9FA8-9F87317FAD84}.Production|Mixed Platforms.ActiveCfg = Production|Any CPU
		{554DAF29-3CED-47BA-9FA8-9F87317FAD84}.Production|Mixed Platforms.Build.0 = Production|Any CPU
		{554DAF29-3CED-47BA-9FA8-9F87317FAD84}.Production|x86.ActiveCfg = Production|Any CPU
		{554DAF29-3CED-47BA-9FA8-9F87317FAD84}.QA|Any CPU.ActiveCfg = QA|Any CPU
		{554DAF29-3CED-47BA-9FA8-9F87317FAD84}.QA|Any CPU.Build.0 = QA|Any CPU
		{554DAF29-3CED-47BA-9FA8-9F87317FAD84}.QA|Mixed Platforms.ActiveCfg = QA|Any CPU
		{554DAF29-3CED-47BA-9FA8-9F87317FAD84}.QA|Mixed Platforms.Build.0 = QA|Any CPU
		{554DAF29-3CED-47BA-9FA8-9F87317FAD84}.QA|x86.ActiveCfg = QA|Any CPU
		{554DAF29-3CED-47BA-9FA8-9F87317FAD84}.Release|Any CPU.ActiveCfg = Release|Any CPU
		{554DAF29-3CED-47BA-9FA8-9F87317FAD84}.Release|Any CPU.Build.0 = Release|Any CPU
		{554DAF29-3CED-47BA-9FA8-9F87317FAD84}.Release|Mixed Platforms.ActiveCfg = Release|Any CPU
		{554DAF29-3CED-47BA-9FA8-9F87317FAD84}.Release|Mixed Platforms.Build.0 = Release|Any CPU
		{554DAF29-3CED-47BA-9FA8-9F87317FAD84}.Release|x86.ActiveCfg = Release|Any CPU
		{554DAF29-3CED-47BA-9FA8-9F87317FAD84}.Test|Any CPU.ActiveCfg = Test|Any CPU
		{554DAF29-3CED-47BA-9FA8-9F87317FAD84}.Test|Any CPU.Build.0 = Test|Any CPU
		{554DAF29-3CED-47BA-9FA8-9F87317FAD84}.Test|Mixed Platforms.ActiveCfg = Test|Any CPU
		{554DAF29-3CED-47BA-9FA8-9F87317FAD84}.Test|Mixed Platforms.Build.0 = Test|Any CPU
		{554DAF29-3CED-47BA-9FA8-9F87317FAD84}.Test|x86.ActiveCfg = Test|Any CPU
	EndGlobalSection
	GlobalSection(SolutionProperties) = preSolution
		HideSolutionNode = FALSE
	EndGlobalSection
EndGlobal
