
Microsoft Visual Studio Solution File, Format Version 12.00
# Visual Studio 14
VisualStudioVersion = 14.0.25420.1
MinimumVisualStudioVersion = 10.0.40219.1
Project("{FAE04EC0-301F-11D3-BF4B-00C04F79EFBC}") = "Icon.Dashboard.Mvc", "Icon.Dashboard.Mvc\Icon.Dashboard.Mvc.csproj", "{05B111C4-587A-42A1-964F-472CCEF00196}"
EndProject
Project("{FAE04EC0-301F-11D3-BF4B-00C04F79EFBC}") = "Icon.Dashboard.Mvc.UnitTests", "Icon.Dashboard.Mvc.UnitTests\Icon.Dashboard.Mvc.UnitTests.csproj", "{7926D0BA-F86B-4589-81E6-2D6674A0ECC4}"
EndProject
Project("{FAE04EC0-301F-11D3-BF4B-00C04F79EFBC}") = "Icon.Dashboard.DataFileAccess", "Icon.Dashboard.DataFileAccess\Icon.Dashboard.DataFileAccess.csproj", "{C95B11A1-662C-4380-921F-FEAEBFE77A7F}"
EndProject
Project("{FAE04EC0-301F-11D3-BF4B-00C04F79EFBC}") = "Icon.Dashboard.DataFileAccess.Tests", "Icon.Dashboard.DataFileAccessTests\Icon.Dashboard.DataFileAccess.Tests.csproj", "{62839FDA-21AF-42FD-A43D-0BBB31739ED2}"
EndProject
Project("{FAE04EC0-301F-11D3-BF4B-00C04F79EFBC}") = "Icon.Dashboard.IconDatabaseAccess", "Icon.Dashboard.IconDatabaseAccess\Icon.Dashboard.IconDatabaseAccess.csproj", "{4B5102CE-6F3A-4C31-81DA-483F3DFF988F}"
EndProject
Project("{FAE04EC0-301F-11D3-BF4B-00C04F79EFBC}") = "Icon.Dashboard.IconDatabaseAccess.Tests", "Icon.Dashboard.IconDatabaseAccess.Tests\Icon.Dashboard.IconDatabaseAccess.Tests.csproj", "{3A21F392-B78C-45CB-892D-B8A9FC4F2D9D}"
EndProject
Project("{FAE04EC0-301F-11D3-BF4B-00C04F79EFBC}") = "Icon.Dashboard.MammothDatabaseAccess", "Icon.Dashboard.MammothDatabaseAccess\Icon.Dashboard.MammothDatabaseAccess.csproj", "{EB1C6C33-8EE5-4777-A7F9-85D2D3BEBA85}"
EndProject
Project("{FAE04EC0-301F-11D3-BF4B-00C04F79EFBC}") = "Icon.Dashboard.CommonDatabaseAccess", "Icon.Dashboard.CommonDatabaseAccess\Icon.Dashboard.CommonDatabaseAccess.csproj", "{C31DCEAE-C79B-4466-B592-F1C58C7C1E2C}"
EndProject
Project("{FAE04EC0-301F-11D3-BF4B-00C04F79EFBC}") = "Icon.Dashboard.MammothDatabaseAccess.Tests", "Icon.Dashboard.MammothDatabaseAccess.Tests\Icon.Dashboard.MammothDatabaseAccess.Tests.csproj", "{8E3C146D-23DB-43D3-BFF4-EF3DCD4A0814}"
EndProject
Global
	GlobalSection(SolutionConfigurationPlatforms) = preSolution
		Debug|Any CPU = Debug|Any CPU
		Dev|Any CPU = Dev|Any CPU
		QA|Any CPU = QA|Any CPU
		Release|Any CPU = Release|Any CPU
		Test|Any CPU = Test|Any CPU
	EndGlobalSection
	GlobalSection(ProjectConfigurationPlatforms) = postSolution
		{05B111C4-587A-42A1-964F-472CCEF00196}.Debug|Any CPU.ActiveCfg = Debug|Any CPU
		{05B111C4-587A-42A1-964F-472CCEF00196}.Debug|Any CPU.Build.0 = Debug|Any CPU
		{05B111C4-587A-42A1-964F-472CCEF00196}.Dev|Any CPU.ActiveCfg = Dev|Any CPU
		{05B111C4-587A-42A1-964F-472CCEF00196}.Dev|Any CPU.Build.0 = Dev|Any CPU
		{05B111C4-587A-42A1-964F-472CCEF00196}.QA|Any CPU.ActiveCfg = QA|Any CPU
		{05B111C4-587A-42A1-964F-472CCEF00196}.QA|Any CPU.Build.0 = QA|Any CPU
		{05B111C4-587A-42A1-964F-472CCEF00196}.Release|Any CPU.ActiveCfg = Release|Any CPU
		{05B111C4-587A-42A1-964F-472CCEF00196}.Release|Any CPU.Build.0 = Release|Any CPU
		{05B111C4-587A-42A1-964F-472CCEF00196}.Test|Any CPU.ActiveCfg = Test|Any CPU
		{05B111C4-587A-42A1-964F-472CCEF00196}.Test|Any CPU.Build.0 = Test|Any CPU
		{7926D0BA-F86B-4589-81E6-2D6674A0ECC4}.Debug|Any CPU.ActiveCfg = Debug|Any CPU
		{7926D0BA-F86B-4589-81E6-2D6674A0ECC4}.Debug|Any CPU.Build.0 = Debug|Any CPU
		{7926D0BA-F86B-4589-81E6-2D6674A0ECC4}.Dev|Any CPU.ActiveCfg = Dev|Any CPU
		{7926D0BA-F86B-4589-81E6-2D6674A0ECC4}.Dev|Any CPU.Build.0 = Dev|Any CPU
		{7926D0BA-F86B-4589-81E6-2D6674A0ECC4}.QA|Any CPU.ActiveCfg = QA|Any CPU
		{7926D0BA-F86B-4589-81E6-2D6674A0ECC4}.QA|Any CPU.Build.0 = QA|Any CPU
		{7926D0BA-F86B-4589-81E6-2D6674A0ECC4}.Release|Any CPU.ActiveCfg = Release|Any CPU
		{7926D0BA-F86B-4589-81E6-2D6674A0ECC4}.Release|Any CPU.Build.0 = Release|Any CPU
		{7926D0BA-F86B-4589-81E6-2D6674A0ECC4}.Test|Any CPU.ActiveCfg = Test|Any CPU
		{7926D0BA-F86B-4589-81E6-2D6674A0ECC4}.Test|Any CPU.Build.0 = Test|Any CPU
		{C95B11A1-662C-4380-921F-FEAEBFE77A7F}.Debug|Any CPU.ActiveCfg = Debug|Any CPU
		{C95B11A1-662C-4380-921F-FEAEBFE77A7F}.Debug|Any CPU.Build.0 = Debug|Any CPU
		{C95B11A1-662C-4380-921F-FEAEBFE77A7F}.Dev|Any CPU.ActiveCfg = Dev|Any CPU
		{C95B11A1-662C-4380-921F-FEAEBFE77A7F}.Dev|Any CPU.Build.0 = Dev|Any CPU
		{C95B11A1-662C-4380-921F-FEAEBFE77A7F}.QA|Any CPU.ActiveCfg = QA|Any CPU
		{C95B11A1-662C-4380-921F-FEAEBFE77A7F}.QA|Any CPU.Build.0 = QA|Any CPU
		{C95B11A1-662C-4380-921F-FEAEBFE77A7F}.Release|Any CPU.ActiveCfg = Release|Any CPU
		{C95B11A1-662C-4380-921F-FEAEBFE77A7F}.Release|Any CPU.Build.0 = Release|Any CPU
		{C95B11A1-662C-4380-921F-FEAEBFE77A7F}.Test|Any CPU.ActiveCfg = Test|Any CPU
		{C95B11A1-662C-4380-921F-FEAEBFE77A7F}.Test|Any CPU.Build.0 = Test|Any CPU
		{62839FDA-21AF-42FD-A43D-0BBB31739ED2}.Debug|Any CPU.ActiveCfg = Debug|Any CPU
		{62839FDA-21AF-42FD-A43D-0BBB31739ED2}.Debug|Any CPU.Build.0 = Debug|Any CPU
		{62839FDA-21AF-42FD-A43D-0BBB31739ED2}.Dev|Any CPU.ActiveCfg = Dev|Any CPU
		{62839FDA-21AF-42FD-A43D-0BBB31739ED2}.Dev|Any CPU.Build.0 = Dev|Any CPU
		{62839FDA-21AF-42FD-A43D-0BBB31739ED2}.QA|Any CPU.ActiveCfg = QA|Any CPU
		{62839FDA-21AF-42FD-A43D-0BBB31739ED2}.QA|Any CPU.Build.0 = QA|Any CPU
		{62839FDA-21AF-42FD-A43D-0BBB31739ED2}.Release|Any CPU.ActiveCfg = Release|Any CPU
		{62839FDA-21AF-42FD-A43D-0BBB31739ED2}.Release|Any CPU.Build.0 = Release|Any CPU
		{62839FDA-21AF-42FD-A43D-0BBB31739ED2}.Test|Any CPU.ActiveCfg = Test|Any CPU
		{62839FDA-21AF-42FD-A43D-0BBB31739ED2}.Test|Any CPU.Build.0 = Test|Any CPU
		{4B5102CE-6F3A-4C31-81DA-483F3DFF988F}.Debug|Any CPU.ActiveCfg = Debug|Any CPU
		{4B5102CE-6F3A-4C31-81DA-483F3DFF988F}.Debug|Any CPU.Build.0 = Debug|Any CPU
		{4B5102CE-6F3A-4C31-81DA-483F3DFF988F}.Dev|Any CPU.ActiveCfg = Debug|Any CPU
		{4B5102CE-6F3A-4C31-81DA-483F3DFF988F}.Dev|Any CPU.Build.0 = Debug|Any CPU
		{4B5102CE-6F3A-4C31-81DA-483F3DFF988F}.QA|Any CPU.ActiveCfg = Release|Any CPU
		{4B5102CE-6F3A-4C31-81DA-483F3DFF988F}.QA|Any CPU.Build.0 = Release|Any CPU
		{4B5102CE-6F3A-4C31-81DA-483F3DFF988F}.Release|Any CPU.ActiveCfg = Release|Any CPU
		{4B5102CE-6F3A-4C31-81DA-483F3DFF988F}.Release|Any CPU.Build.0 = Release|Any CPU
		{4B5102CE-6F3A-4C31-81DA-483F3DFF988F}.Test|Any CPU.ActiveCfg = Release|Any CPU
		{4B5102CE-6F3A-4C31-81DA-483F3DFF988F}.Test|Any CPU.Build.0 = Release|Any CPU
		{3A21F392-B78C-45CB-892D-B8A9FC4F2D9D}.Debug|Any CPU.ActiveCfg = Debug|Any CPU
		{3A21F392-B78C-45CB-892D-B8A9FC4F2D9D}.Debug|Any CPU.Build.0 = Debug|Any CPU
		{3A21F392-B78C-45CB-892D-B8A9FC4F2D9D}.Dev|Any CPU.ActiveCfg = Debug|Any CPU
		{3A21F392-B78C-45CB-892D-B8A9FC4F2D9D}.Dev|Any CPU.Build.0 = Debug|Any CPU
		{3A21F392-B78C-45CB-892D-B8A9FC4F2D9D}.QA|Any CPU.ActiveCfg = Release|Any CPU
		{3A21F392-B78C-45CB-892D-B8A9FC4F2D9D}.QA|Any CPU.Build.0 = Release|Any CPU
		{3A21F392-B78C-45CB-892D-B8A9FC4F2D9D}.Release|Any CPU.ActiveCfg = Release|Any CPU
		{3A21F392-B78C-45CB-892D-B8A9FC4F2D9D}.Release|Any CPU.Build.0 = Release|Any CPU
		{3A21F392-B78C-45CB-892D-B8A9FC4F2D9D}.Test|Any CPU.ActiveCfg = Release|Any CPU
		{3A21F392-B78C-45CB-892D-B8A9FC4F2D9D}.Test|Any CPU.Build.0 = Release|Any CPU
		{EB1C6C33-8EE5-4777-A7F9-85D2D3BEBA85}.Debug|Any CPU.ActiveCfg = Debug|Any CPU
		{EB1C6C33-8EE5-4777-A7F9-85D2D3BEBA85}.Debug|Any CPU.Build.0 = Debug|Any CPU
		{EB1C6C33-8EE5-4777-A7F9-85D2D3BEBA85}.Dev|Any CPU.ActiveCfg = Debug|Any CPU
		{EB1C6C33-8EE5-4777-A7F9-85D2D3BEBA85}.Dev|Any CPU.Build.0 = Debug|Any CPU
		{EB1C6C33-8EE5-4777-A7F9-85D2D3BEBA85}.QA|Any CPU.ActiveCfg = Release|Any CPU
		{EB1C6C33-8EE5-4777-A7F9-85D2D3BEBA85}.QA|Any CPU.Build.0 = Release|Any CPU
		{EB1C6C33-8EE5-4777-A7F9-85D2D3BEBA85}.Release|Any CPU.ActiveCfg = Release|Any CPU
		{EB1C6C33-8EE5-4777-A7F9-85D2D3BEBA85}.Release|Any CPU.Build.0 = Release|Any CPU
		{EB1C6C33-8EE5-4777-A7F9-85D2D3BEBA85}.Test|Any CPU.ActiveCfg = Release|Any CPU
		{EB1C6C33-8EE5-4777-A7F9-85D2D3BEBA85}.Test|Any CPU.Build.0 = Release|Any CPU
		{C31DCEAE-C79B-4466-B592-F1C58C7C1E2C}.Debug|Any CPU.ActiveCfg = Debug|Any CPU
		{C31DCEAE-C79B-4466-B592-F1C58C7C1E2C}.Debug|Any CPU.Build.0 = Debug|Any CPU
		{C31DCEAE-C79B-4466-B592-F1C58C7C1E2C}.Dev|Any CPU.ActiveCfg = Debug|Any CPU
		{C31DCEAE-C79B-4466-B592-F1C58C7C1E2C}.Dev|Any CPU.Build.0 = Debug|Any CPU
		{C31DCEAE-C79B-4466-B592-F1C58C7C1E2C}.QA|Any CPU.ActiveCfg = Release|Any CPU
		{C31DCEAE-C79B-4466-B592-F1C58C7C1E2C}.QA|Any CPU.Build.0 = Release|Any CPU
		{C31DCEAE-C79B-4466-B592-F1C58C7C1E2C}.Release|Any CPU.ActiveCfg = Release|Any CPU
		{C31DCEAE-C79B-4466-B592-F1C58C7C1E2C}.Release|Any CPU.Build.0 = Release|Any CPU
		{C31DCEAE-C79B-4466-B592-F1C58C7C1E2C}.Test|Any CPU.ActiveCfg = Release|Any CPU
		{C31DCEAE-C79B-4466-B592-F1C58C7C1E2C}.Test|Any CPU.Build.0 = Release|Any CPU
		{8E3C146D-23DB-43D3-BFF4-EF3DCD4A0814}.Debug|Any CPU.ActiveCfg = Debug|Any CPU
		{8E3C146D-23DB-43D3-BFF4-EF3DCD4A0814}.Debug|Any CPU.Build.0 = Debug|Any CPU
		{8E3C146D-23DB-43D3-BFF4-EF3DCD4A0814}.Dev|Any CPU.ActiveCfg = Debug|Any CPU
		{8E3C146D-23DB-43D3-BFF4-EF3DCD4A0814}.Dev|Any CPU.Build.0 = Debug|Any CPU
		{8E3C146D-23DB-43D3-BFF4-EF3DCD4A0814}.QA|Any CPU.ActiveCfg = Release|Any CPU
		{8E3C146D-23DB-43D3-BFF4-EF3DCD4A0814}.QA|Any CPU.Build.0 = Release|Any CPU
		{8E3C146D-23DB-43D3-BFF4-EF3DCD4A0814}.Release|Any CPU.ActiveCfg = Release|Any CPU
		{8E3C146D-23DB-43D3-BFF4-EF3DCD4A0814}.Release|Any CPU.Build.0 = Release|Any CPU
		{8E3C146D-23DB-43D3-BFF4-EF3DCD4A0814}.Test|Any CPU.ActiveCfg = Release|Any CPU
		{8E3C146D-23DB-43D3-BFF4-EF3DCD4A0814}.Test|Any CPU.Build.0 = Release|Any CPU
	EndGlobalSection
	GlobalSection(SolutionProperties) = preSolution
		HideSolutionNode = FALSE
	EndGlobalSection
	GlobalSection(TeamFoundationVersionControl) = preSolution
		SccNumberOfProjects = 10
		SccEnterpriseProvider = {4CA58AB2-18FA-4F8D-95D4-32DDF27D184C}
		SccTeamFoundationServer = https://irma.visualstudio.com/
		SccLocalPath0 = .
		SccProjectUniqueName1 = Icon.Dashboard.Mvc\\Icon.Dashboard.Mvc.csproj
		SccProjectName1 = Icon.Dashboard.Mvc
		SccLocalPath1 = Icon.Dashboard.Mvc
		SccProjectUniqueName2 = Icon.Dashboard.Mvc.UnitTests\\Icon.Dashboard.Mvc.UnitTests.csproj
		SccProjectName2 = Icon.Dashboard.Mvc.UnitTests
		SccLocalPath2 = Icon.Dashboard.Mvc.UnitTests
		SccProjectUniqueName3 = Icon.Dashboard.DataFileAccess\\Icon.Dashboard.DataFileAccess.csproj
		SccProjectName3 = Icon.Dashboard.DataFileAccess
		SccLocalPath3 = Icon.Dashboard.DataFileAccess
		SccProjectUniqueName4 = Icon.Dashboard.DataFileAccessTests\\Icon.Dashboard.DataFileAccess.Tests.csproj
		SccProjectName4 = Icon.Dashboard.DataFileAccessTests
		SccLocalPath4 = Icon.Dashboard.DataFileAccessTests
		SccProjectUniqueName5 = Icon.Dashboard.IconDatabaseAccess\\Icon.Dashboard.IconDatabaseAccess.csproj
		SccProjectName5 = Icon.Dashboard.IconDatabaseAccess
		SccLocalPath5 = Icon.Dashboard.IconDatabaseAccess
		SccProjectUniqueName6 = Icon.Dashboard.IconDatabaseAccess.Tests\\Icon.Dashboard.IconDatabaseAccess.Tests.csproj
		SccProjectName6 = Icon.Dashboard.IconDatabaseAccess.Tests
		SccLocalPath6 = Icon.Dashboard.IconDatabaseAccess.Tests
		SccProjectUniqueName7 = Icon.Dashboard.MammothDatabaseAccess\\Icon.Dashboard.MammothDatabaseAccess.csproj
		SccProjectName7 = Icon.Dashboard.MammothDatabaseAccess
		SccLocalPath7 = Icon.Dashboard.MammothDatabaseAccess
		SccProjectUniqueName8 = Icon.Dashboard.CommonDatabaseAccess\\Icon.Dashboard.CommonDatabaseAccess.csproj
		SccProjectName8 = Icon.Dashboard.CommonDatabaseAccess
		SccLocalPath8 = Icon.Dashboard.CommonDatabaseAccess
		SccProjectUniqueName9 = Icon.Dashboard.MammothDatabaseAccess.Tests\\Icon.Dashboard.MammothDatabaseAccess.Tests.csproj
		SccProjectName9 = Icon.Dashboard.MammothDatabaseAccess.Tests
		SccLocalPath9 = Icon.Dashboard.MammothDatabaseAccess.Tests
	EndGlobalSection
EndGlobal
