Microsoft Visual Studio Solution File, Format Version 9.00
# Visual Studio 2005
Project("{F184B08F-C81C-45F6-A57F-5ABD9991F28F}") = "WFM.DataAccess", "DataAccess\WFM.DataAccess.vbproj", "{E9A653FE-5C38-435C-B6D2-137915ED8E85}"
	ProjectSection(WebsiteProperties) = preProject
		Debug.AspNetCompiler.Debug = "True"
		Release.AspNetCompiler.Debug = "False"
	EndProjectSection
	ProjectSection(ProjectDependencies) = postProject
		{BCE1BC17-2FEA-46C3-84AE-DC02935597B1} = {BCE1BC17-2FEA-46C3-84AE-DC02935597B1}
		{0CCD42D8-28C8-4902-9001-EA2A31CA0AF6} = {0CCD42D8-28C8-4902-9001-EA2A31CA0AF6}
	EndProjectSection
EndProject
Project("{F184B08F-C81C-45F6-A57F-5ABD9991F28F}") = "WFM.FileIO", "FileIO\WFM.FileIO.vbproj", "{0CCD42D8-28C8-4902-9001-EA2A31CA0AF6}"
	ProjectSection(WebsiteProperties) = preProject
		Debug.AspNetCompiler.Debug = "True"
		Release.AspNetCompiler.Debug = "False"
	EndProjectSection
EndProject
Project("{F184B08F-C81C-45F6-A57F-5ABD9991F28F}") = "WFM.UserAuthentication", "..\Utility\WholeFoods.Utility Solution\WFM.UserAuthentication\WFM.UserAuthentication.vbproj", "{BCE1BC17-2FEA-46C3-84AE-DC02935597B1}"
	ProjectSection(WebsiteProperties) = preProject
		Debug.AspNetCompiler.Debug = "True"
		Release.AspNetCompiler.Debug = "False"
	EndProjectSection
EndProject
Global
	GlobalSection(TeamFoundationVersionControl) = preSolution
		SccNumberOfProjects = 4
		SccEnterpriseProvider = {4CA58AB2-18FA-4F8D-95D4-32DDF27D184C}
		SccTeamFoundationServer = http://cen-irmadev2:8080/
		SccLocalPath0 = .
		SccProjectUniqueName1 = DataAccess\\WFM.DataAccess.vbproj
		SccProjectName1 = DataAccess
		SccLocalPath1 = DataAccess
		SccProjectUniqueName2 = FileIO\\WFM.FileIO.vbproj
		SccProjectName2 = FileIO
		SccLocalPath2 = FileIO
		SccProjectUniqueName3 = ..\\Utility\\WholeFoods.Utility\u0020Solution\\WFM.UserAuthentication\\WFM.UserAuthentication.vbproj
		SccProjectName3 = ../Utility/WholeFoods.Utility\u0020Solution/WFM.UserAuthentication
		SccLocalPath3 = ..\\Utility\\WholeFoods.Utility\u0020Solution\\WFM.UserAuthentication
	EndGlobalSection
	GlobalSection(SolutionConfigurationPlatforms) = preSolution
		Debug|Any CPU = Debug|Any CPU
		Release|Any CPU = Release|Any CPU
	EndGlobalSection
	GlobalSection(ProjectConfigurationPlatforms) = postSolution
		{E9A653FE-5C38-435C-B6D2-137915ED8E85}.Debug|Any CPU.ActiveCfg = Debug|Any CPU
		{E9A653FE-5C38-435C-B6D2-137915ED8E85}.Debug|Any CPU.Build.0 = Debug|Any CPU
		{E9A653FE-5C38-435C-B6D2-137915ED8E85}.Release|Any CPU.ActiveCfg = Release|Any CPU
		{E9A653FE-5C38-435C-B6D2-137915ED8E85}.Release|Any CPU.Build.0 = Release|Any CPU
		{0CCD42D8-28C8-4902-9001-EA2A31CA0AF6}.Debug|Any CPU.ActiveCfg = Debug|Any CPU
		{0CCD42D8-28C8-4902-9001-EA2A31CA0AF6}.Debug|Any CPU.Build.0 = Debug|Any CPU
		{0CCD42D8-28C8-4902-9001-EA2A31CA0AF6}.Release|Any CPU.ActiveCfg = Release|Any CPU
		{0CCD42D8-28C8-4902-9001-EA2A31CA0AF6}.Release|Any CPU.Build.0 = Release|Any CPU
		{BCE1BC17-2FEA-46C3-84AE-DC02935597B1}.Debug|Any CPU.ActiveCfg = Debug|Any CPU
		{BCE1BC17-2FEA-46C3-84AE-DC02935597B1}.Debug|Any CPU.Build.0 = Debug|Any CPU
		{BCE1BC17-2FEA-46C3-84AE-DC02935597B1}.Release|Any CPU.ActiveCfg = Release|Any CPU
		{BCE1BC17-2FEA-46C3-84AE-DC02935597B1}.Release|Any CPU.Build.0 = Release|Any CPU
	EndGlobalSection
	GlobalSection(SolutionProperties) = preSolution
		HideSolutionNode = FALSE
	EndGlobalSection
	GlobalSection(TextTemplating) = postSolution
		TextTemplating = 1
	EndGlobalSection
EndGlobal
