
Microsoft Visual Studio Solution File, Format Version 10.00
# Visual Studio 2008
Project("{B900F1C2-3D47-4FEC-85B3-04AAF18C3634}") = "TeklogixDeployment", "List-O-Matic Teklogix Deployment\HandHeldDataCollectInstaller.vddproj", "{4D12CEE4-6988-4E5F-8E17-C5C95FF9424B}"
EndProject
Project("{F184B08F-C81C-45F6-A57F-5ABD9991F28F}") = "OOS HH Teklogix", "List-O-Matic Teklogix Handheld Application\OOS HH Teklogix.vbproj", "{33F56391-E115-4CF4-8CC6-039E3C513237}"
EndProject
Global
	GlobalSection(TeamFoundationVersionControl) = preSolution
		SccNumberOfProjects = 3
		SccEnterpriseProvider = {4CA58AB2-18FA-4F8D-95D4-32DDF27D184C}
		SccTeamFoundationServer = http://cewp1605:8080/tfs/defaultcollection
		SccLocalPath0 = .
		SccProjectUniqueName1 = List-O-Matic\u0020Teklogix\u0020Deployment\\HandHeldDataCollectInstaller.vddproj
		SccProjectName1 = List-O-Matic\u0020Teklogix\u0020Deployment
		SccLocalPath1 = List-O-Matic\u0020Teklogix\u0020Deployment
		SccProjectUniqueName2 = List-O-Matic\u0020Teklogix\u0020Handheld\u0020Application\\OOS\u0020HH\u0020Teklogix.vbproj
		SccProjectName2 = List-O-Matic\u0020Teklogix\u0020Handheld\u0020Application
		SccLocalPath2 = List-O-Matic\u0020Teklogix\u0020Handheld\u0020Application
	EndGlobalSection
	GlobalSection(SolutionConfigurationPlatforms) = preSolution
		Debug|Any CPU = Debug|Any CPU
		Release|Any CPU = Release|Any CPU
	EndGlobalSection
	GlobalSection(ProjectConfigurationPlatforms) = postSolution
		{4D12CEE4-6988-4E5F-8E17-C5C95FF9424B}.Debug|Any CPU.ActiveCfg = Debug
		{4D12CEE4-6988-4E5F-8E17-C5C95FF9424B}.Debug|Any CPU.Build.0 = Debug
		{4D12CEE4-6988-4E5F-8E17-C5C95FF9424B}.Release|Any CPU.ActiveCfg = Release
		{4D12CEE4-6988-4E5F-8E17-C5C95FF9424B}.Release|Any CPU.Build.0 = Release
		{33F56391-E115-4CF4-8CC6-039E3C513237}.Debug|Any CPU.ActiveCfg = Debug|Any CPU
		{33F56391-E115-4CF4-8CC6-039E3C513237}.Debug|Any CPU.Build.0 = Debug|Any CPU
		{33F56391-E115-4CF4-8CC6-039E3C513237}.Debug|Any CPU.Deploy.0 = Debug|Any CPU
		{33F56391-E115-4CF4-8CC6-039E3C513237}.Release|Any CPU.ActiveCfg = Release|Any CPU
		{33F56391-E115-4CF4-8CC6-039E3C513237}.Release|Any CPU.Build.0 = Release|Any CPU
		{33F56391-E115-4CF4-8CC6-039E3C513237}.Release|Any CPU.Deploy.0 = Release|Any CPU
	EndGlobalSection
	GlobalSection(SolutionProperties) = preSolution
		HideSolutionNode = FALSE
	EndGlobalSection
EndGlobal
