
Microsoft Visual Studio Solution File, Format Version 12.00
# Visual Studio 2012
Project("{F184B08F-C81C-45F6-A57F-5ABD9991F28F}") = "IRMA Web Service Scheduler", "IRMA Web Service Scheduler\IRMA Web Service Scheduler.vbproj", "{FD7C733D-CDBC-4BDD-9D09-8032078F1E86}"
EndProject
Global
	GlobalSection(TeamFoundationVersionControl) = preSolution
		SccNumberOfProjects = 2
		SccEnterpriseProvider = {4CA58AB2-18FA-4F8D-95D4-32DDF27D184C}
		SccTeamFoundationServer = http://cewp1605:8080/tfs/defaultcollection
		SccLocalPath0 = .
		SccProjectUniqueName1 = IRMA\u0020Web\u0020Service\u0020Scheduler\\IRMA\u0020Web\u0020Service\u0020Scheduler.vbproj
		SccProjectName1 = IRMA\u0020Web\u0020Service\u0020Scheduler
		SccLocalPath1 = IRMA\u0020Web\u0020Service\u0020Scheduler
	EndGlobalSection
	GlobalSection(SolutionConfigurationPlatforms) = preSolution
		Debug|Any CPU = Debug|Any CPU
		Release|Any CPU = Release|Any CPU
	EndGlobalSection
	GlobalSection(ProjectConfigurationPlatforms) = postSolution
		{FD7C733D-CDBC-4BDD-9D09-8032078F1E86}.Debug|Any CPU.ActiveCfg = Debug|Any CPU
		{FD7C733D-CDBC-4BDD-9D09-8032078F1E86}.Debug|Any CPU.Build.0 = Debug|Any CPU
		{FD7C733D-CDBC-4BDD-9D09-8032078F1E86}.Release|Any CPU.ActiveCfg = Release|Any CPU
		{FD7C733D-CDBC-4BDD-9D09-8032078F1E86}.Release|Any CPU.Build.0 = Release|Any CPU
	EndGlobalSection
	GlobalSection(SolutionProperties) = preSolution
		HideSolutionNode = FALSE
	EndGlobalSection
EndGlobal
