
Microsoft Visual Studio Solution File, Format Version 12.00
# Visual Studio Version 17
VisualStudioVersion = 17.1.32414.318
MinimumVisualStudioVersion = 10.0.40219.1
Project("{FAE04EC0-301F-11D3-BF4B-00C04F79EFBC}") = "MammothR10PriceService", "MammothR10Price\MammothR10PriceService.csproj", "{B0F7EA0C-3CE9-4715-BDA2-7D241807E547}"
EndProject
Global
	GlobalSection(SolutionConfigurationPlatforms) = preSolution
		Debug|Any CPU = Debug|Any CPU
		Release|Any CPU = Release|Any CPU
	EndGlobalSection
	GlobalSection(ProjectConfigurationPlatforms) = postSolution
		{B0F7EA0C-3CE9-4715-BDA2-7D241807E547}.Debug|Any CPU.ActiveCfg = Debug|Any CPU
		{B0F7EA0C-3CE9-4715-BDA2-7D241807E547}.Debug|Any CPU.Build.0 = Debug|Any CPU
		{B0F7EA0C-3CE9-4715-BDA2-7D241807E547}.Release|Any CPU.ActiveCfg = Release|Any CPU
		{B0F7EA0C-3CE9-4715-BDA2-7D241807E547}.Release|Any CPU.Build.0 = Release|Any CPU
	EndGlobalSection
	GlobalSection(SolutionProperties) = preSolution
		HideSolutionNode = FALSE
	EndGlobalSection
	GlobalSection(ExtensibilityGlobals) = postSolution
		SolutionGuid = {EAE0BB2D-08C4-4E42-BC0B-91D6ADBF51F9}
	EndGlobalSection
EndGlobal
