
Microsoft Visual Studio Solution File, Format Version 9.00
# Visual Studio 2005
Project("{D183A3D8-5FD8-494B-B014-37F57B35E655}") = "IRMA PSI Extracts", "IRMA PSI Extracts\IRMA PSI Extracts.dtproj", "{66169C39-E431-4EC7-9DED-AB02FF9025A3}"
EndProject
Global
	GlobalSection(TeamFoundationVersionControl) = preSolution
		SccNumberOfProjects = 2
		SccEnterpriseProvider = {4CA58AB2-18FA-4F8D-95D4-32DDF27D184C}
		SccTeamFoundationServer = http://cewd6503:8080/
		SccLocalPath0 = .
		SccProjectUniqueName1 = IRMA\u0020PSI\u0020Extracts\\IRMA\u0020PSI\u0020Extracts.dtproj
		SccProjectName1 = IRMA\u0020PSI\u0020Extracts
		SccLocalPath1 = IRMA\u0020PSI\u0020Extracts
	EndGlobalSection
	GlobalSection(SolutionConfigurationPlatforms) = preSolution
		Development|Default = Development|Default
	EndGlobalSection
	GlobalSection(ProjectConfigurationPlatforms) = postSolution
		{66169C39-E431-4EC7-9DED-AB02FF9025A3}.Development|Default.ActiveCfg = Development
		{66169C39-E431-4EC7-9DED-AB02FF9025A3}.Development|Default.Build.0 = Development
	EndGlobalSection
	GlobalSection(SolutionProperties) = preSolution
		HideSolutionNode = FALSE
	EndGlobalSection
EndGlobal
