
Microsoft Visual Studio Solution File, Format Version 12.00
# Visual Studio 2012
Project("{F184B08F-C81C-45F6-A57F-5ABD9991F28F}") = "IRMAFileMonitor", "IRMAFileMonitor\IRMAFileMonitor.vbproj", "{4A3727C6-ACFF-4001-84D7-248AA7C0F702}"
EndProject
Global
	GlobalSection(TeamFoundationVersionControl) = preSolution
		SccNumberOfProjects = 2
		SccEnterpriseProvider = {4CA58AB2-18FA-4F8D-95D4-32DDF27D184C}
		SccTeamFoundationServer = http://cewp1605:8080/tfs/defaultcollection
		SccLocalPath0 = .
		SccProjectUniqueName1 = IRMAFileMonitor\\IRMAFileMonitor.vbproj
		SccProjectName1 = IRMAFileMonitor
		SccLocalPath1 = IRMAFileMonitor
	EndGlobalSection
	GlobalSection(SolutionConfigurationPlatforms) = preSolution
		Debug|Any CPU = Debug|Any CPU
		Release|Any CPU = Release|Any CPU
	EndGlobalSection
	GlobalSection(ProjectConfigurationPlatforms) = postSolution
		{4A3727C6-ACFF-4001-84D7-248AA7C0F702}.Debug|Any CPU.ActiveCfg = Debug|Any CPU
		{4A3727C6-ACFF-4001-84D7-248AA7C0F702}.Debug|Any CPU.Build.0 = Debug|Any CPU
		{4A3727C6-ACFF-4001-84D7-248AA7C0F702}.Release|Any CPU.ActiveCfg = Release|Any CPU
		{4A3727C6-ACFF-4001-84D7-248AA7C0F702}.Release|Any CPU.Build.0 = Release|Any CPU
	EndGlobalSection
	GlobalSection(SolutionProperties) = preSolution
		HideSolutionNode = FALSE
	EndGlobalSection
EndGlobal
