
Microsoft Visual Studio Solution File, Format Version 12.00
# Visual Studio 14
VisualStudioVersion = 14.0.25420.1
MinimumVisualStudioVersion = 10.0.40219.1
Project("{159641D6-6404-4A2A-AE62-294DE0FE8301}") = "InStockIrmaExtract", "InStockIrmaExtract\InStockIrmaExtract.dtproj", "{2F662D77-3017-4397-83F9-383DDC1A417E}"
EndProject
Global
	GlobalSection(SolutionConfigurationPlatforms) = preSolution
		Development|Default = Development|Default
	EndGlobalSection
	GlobalSection(ProjectConfigurationPlatforms) = postSolution
		{2F662D77-3017-4397-83F9-383DDC1A417E}.Development|Default.ActiveCfg = Development
		{2F662D77-3017-4397-83F9-383DDC1A417E}.Development|Default.Build.0 = Development
	EndGlobalSection
	GlobalSection(SolutionProperties) = preSolution
		HideSolutionNode = FALSE
	EndGlobalSection
EndGlobal
