
Microsoft Visual Studio Solution File, Format Version 11.00
# Visual Studio 2010
Project("{FAE04EC0-301F-11D3-BF4B-00C04F79EFBC}") = "OOSCollectorService", "OOSCollectorService.csproj", "{5374A16E-C96C-483C-8E7B-6828C2625A94}"
EndProject
Project("{FAE04EC0-301F-11D3-BF4B-00C04F79EFBC}") = "OOSCommon", "..\OOSCommon\OOSCommon.csproj", "{554DAF29-3CED-47BA-9FA8-9F87317FAD84}"
EndProject
Project("{54435603-DBB4-11D2-8724-00A0C9A8B90C}") = "OOSCollectorServiceSetup", "..\OOSCollectorServiceSetup\OOSCollectorServiceSetup.vdproj", "{C2AA4029-B865-4BCB-90A4-A3755FE4680A}"
EndProject
Project("{FAE04EC0-301F-11D3-BF4B-00C04F79EFBC}") = "OOS.Model", "..\OOS.Model\OOS.Model.csproj", "{42EEB29B-E7F5-43DE-A7AE-617BE3DDAD97}"
EndProject
Project("{FAE04EC0-301F-11D3-BF4B-00C04F79EFBC}") = "SharedKernel", "..\SharedKernel\SharedKernel.csproj", "{C28D2FC7-81B5-40BB-B343-1DD84A1A5CE6}"
EndProject
Global
	GlobalSection(TeamFoundationVersionControl) = preSolution
		SccNumberOfProjects = 6
		SccEnterpriseProvider = {4CA58AB2-18FA-4F8D-95D4-32DDF27D184C}
		SccTeamFoundationServer = http://cewp1605:8080/tfs/defaultcollection
		SccLocalPath0 = .
		SccProjectUniqueName1 = ..\\OOSCommon\\OOSCommon.csproj
		SccProjectName1 = ../OOSCommon
		SccLocalPath1 = ..\\OOSCommon
		SccProjectUniqueName2 = OOSCollectorService.csproj
		SccLocalPath2 = .
		SccProjectUniqueName3 = ..\\OOSCollectorServiceSetup\\OOSCollectorServiceSetup.vdproj
		SccProjectName3 = ../OOSCollectorServiceSetup
		SccLocalPath3 = ..\\OOSCollectorServiceSetup
		SccProjectUniqueName4 = ..\\OOS.Model\\OOS.Model.csproj
		SccProjectName4 = ../OOS.Model
		SccLocalPath4 = ..\\OOS.Model
		SccProjectUniqueName5 = ..\\SharedKernel\\SharedKernel.csproj
		SccProjectName5 = ../SharedKernel
		SccLocalPath5 = ..\\SharedKernel
	EndGlobalSection
	GlobalSection(SolutionConfigurationPlatforms) = preSolution
		Debug|Any CPU = Debug|Any CPU
		Debug|Mixed Platforms = Debug|Mixed Platforms
		Debug|x86 = Debug|x86
		Production|Any CPU = Production|Any CPU
		Production|Mixed Platforms = Production|Mixed Platforms
		Production|x86 = Production|x86
		Release|Any CPU = Release|Any CPU
		Release|Mixed Platforms = Release|Mixed Platforms
		Release|x86 = Release|x86
		Test|Any CPU = Test|Any CPU
		Test|Mixed Platforms = Test|Mixed Platforms
		Test|x86 = Test|x86
	EndGlobalSection
	GlobalSection(ProjectConfigurationPlatforms) = postSolution
		{5374A16E-C96C-483C-8E7B-6828C2625A94}.Debug|Any CPU.ActiveCfg = Debug|x86
		{5374A16E-C96C-483C-8E7B-6828C2625A94}.Debug|Mixed Platforms.ActiveCfg = Debug|x86
		{5374A16E-C96C-483C-8E7B-6828C2625A94}.Debug|Mixed Platforms.Build.0 = Debug|x86
		{5374A16E-C96C-483C-8E7B-6828C2625A94}.Debug|x86.ActiveCfg = Debug|x86
		{5374A16E-C96C-483C-8E7B-6828C2625A94}.Debug|x86.Build.0 = Debug|x86
		{5374A16E-C96C-483C-8E7B-6828C2625A94}.Production|Any CPU.ActiveCfg = Release|x86
		{5374A16E-C96C-483C-8E7B-6828C2625A94}.Production|Mixed Platforms.ActiveCfg = Release|x86
		{5374A16E-C96C-483C-8E7B-6828C2625A94}.Production|Mixed Platforms.Build.0 = Release|x86
		{5374A16E-C96C-483C-8E7B-6828C2625A94}.Production|x86.ActiveCfg = Release|x86
		{5374A16E-C96C-483C-8E7B-6828C2625A94}.Production|x86.Build.0 = Release|x86
		{5374A16E-C96C-483C-8E7B-6828C2625A94}.Release|Any CPU.ActiveCfg = Release|x86
		{5374A16E-C96C-483C-8E7B-6828C2625A94}.Release|Mixed Platforms.ActiveCfg = Release|x86
		{5374A16E-C96C-483C-8E7B-6828C2625A94}.Release|Mixed Platforms.Build.0 = Release|x86
		{5374A16E-C96C-483C-8E7B-6828C2625A94}.Release|x86.ActiveCfg = Release|x86
		{5374A16E-C96C-483C-8E7B-6828C2625A94}.Release|x86.Build.0 = Release|x86
		{5374A16E-C96C-483C-8E7B-6828C2625A94}.Test|Any CPU.ActiveCfg = Release|x86
		{5374A16E-C96C-483C-8E7B-6828C2625A94}.Test|Mixed Platforms.ActiveCfg = Release|x86
		{5374A16E-C96C-483C-8E7B-6828C2625A94}.Test|Mixed Platforms.Build.0 = Release|x86
		{5374A16E-C96C-483C-8E7B-6828C2625A94}.Test|x86.ActiveCfg = Release|x86
		{5374A16E-C96C-483C-8E7B-6828C2625A94}.Test|x86.Build.0 = Release|x86
		{554DAF29-3CED-47BA-9FA8-9F87317FAD84}.Debug|Any CPU.ActiveCfg = Debug|Any CPU
		{554DAF29-3CED-47BA-9FA8-9F87317FAD84}.Debug|Any CPU.Build.0 = Debug|Any CPU
		{554DAF29-3CED-47BA-9FA8-9F87317FAD84}.Debug|Mixed Platforms.ActiveCfg = Debug|Any CPU
		{554DAF29-3CED-47BA-9FA8-9F87317FAD84}.Debug|Mixed Platforms.Build.0 = Debug|Any CPU
		{554DAF29-3CED-47BA-9FA8-9F87317FAD84}.Debug|x86.ActiveCfg = Debug|Any CPU
		{554DAF29-3CED-47BA-9FA8-9F87317FAD84}.Production|Any CPU.ActiveCfg = Production|Any CPU
		{554DAF29-3CED-47BA-9FA8-9F87317FAD84}.Production|Any CPU.Build.0 = Production|Any CPU
		{554DAF29-3CED-47BA-9FA8-9F87317FAD84}.Production|Mixed Platforms.ActiveCfg = Production|Any CPU
		{554DAF29-3CED-47BA-9FA8-9F87317FAD84}.Production|Mixed Platforms.Build.0 = Production|Any CPU
		{554DAF29-3CED-47BA-9FA8-9F87317FAD84}.Production|x86.ActiveCfg = Production|Any CPU
		{554DAF29-3CED-47BA-9FA8-9F87317FAD84}.Release|Any CPU.ActiveCfg = Release|Any CPU
		{554DAF29-3CED-47BA-9FA8-9F87317FAD84}.Release|Any CPU.Build.0 = Release|Any CPU
		{554DAF29-3CED-47BA-9FA8-9F87317FAD84}.Release|Mixed Platforms.ActiveCfg = Release|Any CPU
		{554DAF29-3CED-47BA-9FA8-9F87317FAD84}.Release|Mixed Platforms.Build.0 = Release|Any CPU
		{554DAF29-3CED-47BA-9FA8-9F87317FAD84}.Release|x86.ActiveCfg = Release|Any CPU
		{554DAF29-3CED-47BA-9FA8-9F87317FAD84}.Test|Any CPU.ActiveCfg = Test|Any CPU
		{554DAF29-3CED-47BA-9FA8-9F87317FAD84}.Test|Any CPU.Build.0 = Test|Any CPU
		{554DAF29-3CED-47BA-9FA8-9F87317FAD84}.Test|Mixed Platforms.ActiveCfg = Test|Any CPU
		{554DAF29-3CED-47BA-9FA8-9F87317FAD84}.Test|Mixed Platforms.Build.0 = Test|Any CPU
		{554DAF29-3CED-47BA-9FA8-9F87317FAD84}.Test|x86.ActiveCfg = Test|Any CPU
		{C2AA4029-B865-4BCB-90A4-A3755FE4680A}.Debug|Any CPU.ActiveCfg = Debug
		{C2AA4029-B865-4BCB-90A4-A3755FE4680A}.Debug|Mixed Platforms.ActiveCfg = Debug
		{C2AA4029-B865-4BCB-90A4-A3755FE4680A}.Debug|x86.ActiveCfg = Debug
		{C2AA4029-B865-4BCB-90A4-A3755FE4680A}.Production|Any CPU.ActiveCfg = Release
		{C2AA4029-B865-4BCB-90A4-A3755FE4680A}.Production|Mixed Platforms.ActiveCfg = Release
		{C2AA4029-B865-4BCB-90A4-A3755FE4680A}.Production|x86.ActiveCfg = Release
		{C2AA4029-B865-4BCB-90A4-A3755FE4680A}.Release|Any CPU.ActiveCfg = Release
		{C2AA4029-B865-4BCB-90A4-A3755FE4680A}.Release|Mixed Platforms.ActiveCfg = Release
		{C2AA4029-B865-4BCB-90A4-A3755FE4680A}.Release|x86.ActiveCfg = Release
		{C2AA4029-B865-4BCB-90A4-A3755FE4680A}.Test|Any CPU.ActiveCfg = Release
		{C2AA4029-B865-4BCB-90A4-A3755FE4680A}.Test|Mixed Platforms.ActiveCfg = Release
		{C2AA4029-B865-4BCB-90A4-A3755FE4680A}.Test|x86.ActiveCfg = Release
		{42EEB29B-E7F5-43DE-A7AE-617BE3DDAD97}.Debug|Any CPU.ActiveCfg = Debug|Any CPU
		{42EEB29B-E7F5-43DE-A7AE-617BE3DDAD97}.Debug|Any CPU.Build.0 = Debug|Any CPU
		{42EEB29B-E7F5-43DE-A7AE-617BE3DDAD97}.Debug|Mixed Platforms.ActiveCfg = Debug|Any CPU
		{42EEB29B-E7F5-43DE-A7AE-617BE3DDAD97}.Debug|Mixed Platforms.Build.0 = Debug|Any CPU
		{42EEB29B-E7F5-43DE-A7AE-617BE3DDAD97}.Debug|x86.ActiveCfg = Debug|Any CPU
		{42EEB29B-E7F5-43DE-A7AE-617BE3DDAD97}.Production|Any CPU.ActiveCfg = Release|Any CPU
		{42EEB29B-E7F5-43DE-A7AE-617BE3DDAD97}.Production|Any CPU.Build.0 = Release|Any CPU
		{42EEB29B-E7F5-43DE-A7AE-617BE3DDAD97}.Production|Mixed Platforms.ActiveCfg = Release|Any CPU
		{42EEB29B-E7F5-43DE-A7AE-617BE3DDAD97}.Production|Mixed Platforms.Build.0 = Release|Any CPU
		{42EEB29B-E7F5-43DE-A7AE-617BE3DDAD97}.Production|x86.ActiveCfg = Release|Any CPU
		{42EEB29B-E7F5-43DE-A7AE-617BE3DDAD97}.Release|Any CPU.ActiveCfg = Release|Any CPU
		{42EEB29B-E7F5-43DE-A7AE-617BE3DDAD97}.Release|Any CPU.Build.0 = Release|Any CPU
		{42EEB29B-E7F5-43DE-A7AE-617BE3DDAD97}.Release|Mixed Platforms.ActiveCfg = Release|Any CPU
		{42EEB29B-E7F5-43DE-A7AE-617BE3DDAD97}.Release|Mixed Platforms.Build.0 = Release|Any CPU
		{42EEB29B-E7F5-43DE-A7AE-617BE3DDAD97}.Release|x86.ActiveCfg = Release|Any CPU
		{42EEB29B-E7F5-43DE-A7AE-617BE3DDAD97}.Test|Any CPU.ActiveCfg = Release|Any CPU
		{42EEB29B-E7F5-43DE-A7AE-617BE3DDAD97}.Test|Any CPU.Build.0 = Release|Any CPU
		{42EEB29B-E7F5-43DE-A7AE-617BE3DDAD97}.Test|Mixed Platforms.ActiveCfg = Release|Any CPU
		{42EEB29B-E7F5-43DE-A7AE-617BE3DDAD97}.Test|Mixed Platforms.Build.0 = Release|Any CPU
		{42EEB29B-E7F5-43DE-A7AE-617BE3DDAD97}.Test|x86.ActiveCfg = Release|Any CPU
		{C28D2FC7-81B5-40BB-B343-1DD84A1A5CE6}.Debug|Any CPU.ActiveCfg = Debug|Any CPU
		{C28D2FC7-81B5-40BB-B343-1DD84A1A5CE6}.Debug|Any CPU.Build.0 = Debug|Any CPU
		{C28D2FC7-81B5-40BB-B343-1DD84A1A5CE6}.Debug|Mixed Platforms.ActiveCfg = Debug|Any CPU
		{C28D2FC7-81B5-40BB-B343-1DD84A1A5CE6}.Debug|Mixed Platforms.Build.0 = Debug|Any CPU
		{C28D2FC7-81B5-40BB-B343-1DD84A1A5CE6}.Debug|x86.ActiveCfg = Debug|Any CPU
		{C28D2FC7-81B5-40BB-B343-1DD84A1A5CE6}.Production|Any CPU.ActiveCfg = Release|Any CPU
		{C28D2FC7-81B5-40BB-B343-1DD84A1A5CE6}.Production|Any CPU.Build.0 = Release|Any CPU
		{C28D2FC7-81B5-40BB-B343-1DD84A1A5CE6}.Production|Mixed Platforms.ActiveCfg = Release|Any CPU
		{C28D2FC7-81B5-40BB-B343-1DD84A1A5CE6}.Production|Mixed Platforms.Build.0 = Release|Any CPU
		{C28D2FC7-81B5-40BB-B343-1DD84A1A5CE6}.Production|x86.ActiveCfg = Release|Any CPU
		{C28D2FC7-81B5-40BB-B343-1DD84A1A5CE6}.Release|Any CPU.ActiveCfg = Release|Any CPU
		{C28D2FC7-81B5-40BB-B343-1DD84A1A5CE6}.Release|Any CPU.Build.0 = Release|Any CPU
		{C28D2FC7-81B5-40BB-B343-1DD84A1A5CE6}.Release|Mixed Platforms.ActiveCfg = Release|Any CPU
		{C28D2FC7-81B5-40BB-B343-1DD84A1A5CE6}.Release|Mixed Platforms.Build.0 = Release|Any CPU
		{C28D2FC7-81B5-40BB-B343-1DD84A1A5CE6}.Release|x86.ActiveCfg = Release|Any CPU
		{C28D2FC7-81B5-40BB-B343-1DD84A1A5CE6}.Test|Any CPU.ActiveCfg = Release|Any CPU
		{C28D2FC7-81B5-40BB-B343-1DD84A1A5CE6}.Test|Any CPU.Build.0 = Release|Any CPU
		{C28D2FC7-81B5-40BB-B343-1DD84A1A5CE6}.Test|Mixed Platforms.ActiveCfg = Release|Any CPU
		{C28D2FC7-81B5-40BB-B343-1DD84A1A5CE6}.Test|Mixed Platforms.Build.0 = Release|Any CPU
		{C28D2FC7-81B5-40BB-B343-1DD84A1A5CE6}.Test|x86.ActiveCfg = Release|Any CPU
	EndGlobalSection
	GlobalSection(SolutionProperties) = preSolution
		HideSolutionNode = FALSE
	EndGlobalSection
EndGlobal
